// !$*UTF8*$!
{
	archiveVersion = 1;
	classes = {
	};
	objectVersion = 46;
	objects = {

/* Begin PBXBuildFile section */
		B34C9FE81CBE8B7500788684 /* GuiManager.cpp in Sources */ = {isa = PBXBuildFile; fileRef = B34C9FE61CBE8B7500788684 /* GuiManager.cpp */; };
		B34CA0021CBE931000788684 /* ofxFisheye.cpp in Sources */ = {isa = PBXBuildFile; fileRef = B34CA0001CBE931000788684 /* ofxFisheye.cpp */; };
		B34CA0071CBE931200788684 /* ofxVideoRecorder.cpp in Sources */ = {isa = PBXBuildFile; fileRef = B34CA0051CBE931200788684 /* ofxVideoRecorder.cpp */; };
		B34CA00A1CBE934700788684 /* VideoRenderer.cpp in Sources */ = {isa = PBXBuildFile; fileRef = B34CA0081CBE934700788684 /* VideoRenderer.cpp */; };
		B34CA00D1CBE949A00788684 /* ImageSaverThread.cpp in Sources */ = {isa = PBXBuildFile; fileRef = B34CA00B1CBE949A00788684 /* ImageSaverThread.cpp */; };
		B3667DBB1CBC00A800A225F9 /* openFrameworksDebug.a in Frameworks */ = {isa = PBXBuildFile; fileRef = B3667DB81CBC009B00A225F9 /* openFrameworksDebug.a */; };
		B3667DCF1CBC00CF00A225F9 /* ofxBaseGui.cpp in Sources */ = {isa = PBXBuildFile; fileRef = B3667DBE1CBC00CF00A225F9 /* ofxBaseGui.cpp */; };
		B3667DD01CBC00CF00A225F9 /* ofxButton.cpp in Sources */ = {isa = PBXBuildFile; fileRef = B3667DC01CBC00CF00A225F9 /* ofxButton.cpp */; };
		B3667DD11CBC00CF00A225F9 /* ofxGuiGroup.cpp in Sources */ = {isa = PBXBuildFile; fileRef = B3667DC31CBC00CF00A225F9 /* ofxGuiGroup.cpp */; };
		B3667DD21CBC00CF00A225F9 /* ofxLabel.cpp in Sources */ = {isa = PBXBuildFile; fileRef = B3667DC51CBC00CF00A225F9 /* ofxLabel.cpp */; };
		B3667DD31CBC00CF00A225F9 /* ofxPanel.cpp in Sources */ = {isa = PBXBuildFile; fileRef = B3667DC71CBC00CF00A225F9 /* ofxPanel.cpp */; };
		B3667DD41CBC00CF00A225F9 /* ofxSlider.cpp in Sources */ = {isa = PBXBuildFile; fileRef = B3667DC91CBC00CF00A225F9 /* ofxSlider.cpp */; };
		B3667DD51CBC00CF00A225F9 /* ofxSliderGroup.cpp in Sources */ = {isa = PBXBuildFile; fileRef = B3667DCB1CBC00CF00A225F9 /* ofxSliderGroup.cpp */; };
		B3667DD61CBC00CF00A225F9 /* ofxToggle.cpp in Sources */ = {isa = PBXBuildFile; fileRef = B3667DCD1CBC00CF00A225F9 /* ofxToggle.cpp */; };
		B3667E601CBC184A00A225F9 /* ofxHotKeys_impl_linux.cpp in Sources */ = {isa = PBXBuildFile; fileRef = B3667DF31CBC184A00A225F9 /* ofxHotKeys_impl_linux.cpp */; };
		B3667E611CBC184A00A225F9 /* ofxHotKeys_impl_mac.mm in Sources */ = {isa = PBXBuildFile; fileRef = B3667DF41CBC184A00A225F9 /* ofxHotKeys_impl_mac.mm */; };
		B3667E621CBC184A00A225F9 /* ofxHotKeys_impl_win.cpp in Sources */ = {isa = PBXBuildFile; fileRef = B3667DF51CBC184A00A225F9 /* ofxHotKeys_impl_win.cpp */; };
		B3667E631CBC184A00A225F9 /* ofxRemoveCocoaMenu.mm in Sources */ = {isa = PBXBuildFile; fileRef = B3667DF71CBC184A00A225F9 /* ofxRemoveCocoaMenu.mm */; };
		B3667E641CBC184A00A225F9 /* ofxTimeline.cpp in Sources */ = {isa = PBXBuildFile; fileRef = B3667DF81CBC184A00A225F9 /* ofxTimeline.cpp */; };
		B3667E651CBC184A00A225F9 /* ofxTLAudioTrack.cpp in Sources */ = {isa = PBXBuildFile; fileRef = B3667DFA1CBC184A00A225F9 /* ofxTLAudioTrack.cpp */; };
		B3667E661CBC184A00A225F9 /* ofxTLBangs.cpp in Sources */ = {isa = PBXBuildFile; fileRef = B3667DFC1CBC184A00A225F9 /* ofxTLBangs.cpp */; };
		B3667E671CBC184A00A225F9 /* ofxTLCameraTrack.cpp in Sources */ = {isa = PBXBuildFile; fileRef = B3667DFE1CBC184A00A225F9 /* ofxTLCameraTrack.cpp */; };
		B3667E681CBC184A00A225F9 /* ofxTLColors.cpp in Sources */ = {isa = PBXBuildFile; fileRef = B3667E001CBC184A00A225F9 /* ofxTLColors.cpp */; };
		B3667E691CBC184A00A225F9 /* ofxTLColorTrack.cpp in Sources */ = {isa = PBXBuildFile; fileRef = B3667E021CBC184A00A225F9 /* ofxTLColorTrack.cpp */; };
		B3667E6A1CBC184A00A225F9 /* ofxTLCurves.cpp in Sources */ = {isa = PBXBuildFile; fileRef = B3667E041CBC184A00A225F9 /* ofxTLCurves.cpp */; };
		B3667E6B1CBC184A00A225F9 /* ofxTLEmptyKeyframes.cpp in Sources */ = {isa = PBXBuildFile; fileRef = B3667E061CBC184A00A225F9 /* ofxTLEmptyKeyframes.cpp */; };
		B3667E6C1CBC184A00A225F9 /* ofxTLEmptyTrack.cpp in Sources */ = {isa = PBXBuildFile; fileRef = B3667E081CBC184A00A225F9 /* ofxTLEmptyTrack.cpp */; };
		B3667E6D1CBC184A00A225F9 /* ofxTLFlags.cpp in Sources */ = {isa = PBXBuildFile; fileRef = B3667E0B1CBC184A00A225F9 /* ofxTLFlags.cpp */; };
		B3667E6E1CBC184A00A225F9 /* ofxTLImageSequence.cpp in Sources */ = {isa = PBXBuildFile; fileRef = B3667E0D1CBC184A00A225F9 /* ofxTLImageSequence.cpp */; };
		B3667E6F1CBC184A00A225F9 /* ofxTLImageSequenceFrame.cpp in Sources */ = {isa = PBXBuildFile; fileRef = B3667E0F1CBC184A00A225F9 /* ofxTLImageSequenceFrame.cpp */; };
		B3667E701CBC184A00A225F9 /* ofxTLImageTrack.cpp in Sources */ = {isa = PBXBuildFile; fileRef = B3667E111CBC184A00A225F9 /* ofxTLImageTrack.cpp */; };
		B3667E711CBC184A00A225F9 /* ofxTLInOut.cpp in Sources */ = {isa = PBXBuildFile; fileRef = B3667E131CBC184A00A225F9 /* ofxTLInOut.cpp */; };
		B3667E721CBC184A00A225F9 /* ofxTLKeyframes.cpp in Sources */ = {isa = PBXBuildFile; fileRef = B3667E151CBC184A00A225F9 /* ofxTLKeyframes.cpp */; };
		B3667E731CBC184A00A225F9 /* ofxTLLFO.cpp in Sources */ = {isa = PBXBuildFile; fileRef = B3667E171CBC184A00A225F9 /* ofxTLLFO.cpp */; };
		B3667E741CBC184A00A225F9 /* ofxTLPage.cpp in Sources */ = {isa = PBXBuildFile; fileRef = B3667E191CBC184A00A225F9 /* ofxTLPage.cpp */; };
		B3667E751CBC184A00A225F9 /* ofxTLPageTabs.cpp in Sources */ = {isa = PBXBuildFile; fileRef = B3667E1B1CBC184A00A225F9 /* ofxTLPageTabs.cpp */; };
		B3667E761CBC184A00A225F9 /* ofxTLSwitches.cpp in Sources */ = {isa = PBXBuildFile; fileRef = B3667E1D1CBC184A00A225F9 /* ofxTLSwitches.cpp */; };
		B3667E771CBC184A00A225F9 /* ofxTLTicker.cpp in Sources */ = {isa = PBXBuildFile; fileRef = B3667E1F1CBC184A00A225F9 /* ofxTLTicker.cpp */; };
		B3667E781CBC184A00A225F9 /* ofxTLTrack.cpp in Sources */ = {isa = PBXBuildFile; fileRef = B3667E211CBC184A00A225F9 /* ofxTLTrack.cpp */; };
		B3667E791CBC184A00A225F9 /* ofxTLTrackHeader.cpp in Sources */ = {isa = PBXBuildFile; fileRef = B3667E231CBC184A00A225F9 /* ofxTLTrackHeader.cpp */; };
		B3667E7A1CBC184A00A225F9 /* ofxTLVideoThumb.cpp in Sources */ = {isa = PBXBuildFile; fileRef = B3667E251CBC184A00A225F9 /* ofxTLVideoThumb.cpp */; };
		B3667E7B1CBC184A00A225F9 /* ofxTLVideoTrack.cpp in Sources */ = {isa = PBXBuildFile; fileRef = B3667E271CBC184A00A225F9 /* ofxTLVideoTrack.cpp */; };
		B3667E7C1CBC184A00A225F9 /* ofxTLZoomer.cpp in Sources */ = {isa = PBXBuildFile; fileRef = B3667E291CBC184A00A225F9 /* ofxTLZoomer.cpp */; };
		B3667E7D1CBC184A00A225F9 /* kiss_fft.c in Sources */ = {isa = PBXBuildFile; fileRef = B3667E321CBC184A00A225F9 /* kiss_fft.c */; };
		B3667E7E1CBC184A00A225F9 /* kiss_fftr.c in Sources */ = {isa = PBXBuildFile; fileRef = B3667E331CBC184A00A225F9 /* kiss_fftr.c */; };
		B3667E7F1CBC184A00A225F9 /* ofOpenALSoundPlayer_TimelineAdditions.cpp in Sources */ = {isa = PBXBuildFile; fileRef = B3667E361CBC184A00A225F9 /* ofOpenALSoundPlayer_TimelineAdditions.cpp */; };
		B3667E8B1CBC184A00A225F9 /* ofxXmlSettings.cpp in Sources */ = {isa = PBXBuildFile; fileRef = B3667E841CBC184A00A225F9 /* ofxXmlSettings.cpp */; };
		B3667E8C1CBC184A00A225F9 /* tinyxml.cpp in Sources */ = {isa = PBXBuildFile; fileRef = B3667E871CBC184A00A225F9 /* tinyxml.cpp */; };
		B3667E8D1CBC184A00A225F9 /* tinyxmlerror.cpp in Sources */ = {isa = PBXBuildFile; fileRef = B3667E891CBC184A00A225F9 /* tinyxmlerror.cpp */; };
		B3667E8E1CBC184A00A225F9 /* tinyxmlparser.cpp in Sources */ = {isa = PBXBuildFile; fileRef = B3667E8A1CBC184A00A225F9 /* tinyxmlparser.cpp */; };
		B3667EAD1CBC184A00A225F9 /* ofxEasing.cpp in Sources */ = {isa = PBXBuildFile; fileRef = B3667E931CBC184A00A225F9 /* ofxEasing.cpp */; };
		B3667EAE1CBC184A00A225F9 /* ofxEasingBack.cpp in Sources */ = {isa = PBXBuildFile; fileRef = B3667E951CBC184A00A225F9 /* ofxEasingBack.cpp */; };
		B3667EAF1CBC184A00A225F9 /* ofxEasingBounce.cpp in Sources */ = {isa = PBXBuildFile; fileRef = B3667E971CBC184A00A225F9 /* ofxEasingBounce.cpp */; };
		B3667EB01CBC184A00A225F9 /* ofxEasingCirc.cpp in Sources */ = {isa = PBXBuildFile; fileRef = B3667E991CBC184A00A225F9 /* ofxEasingCirc.cpp */; };
		B3667EB11CBC184A00A225F9 /* ofxEasingCubic.cpp in Sources */ = {isa = PBXBuildFile; fileRef = B3667E9B1CBC184A00A225F9 /* ofxEasingCubic.cpp */; };
		B3667EB21CBC184A00A225F9 /* ofxEasingElastic.cpp in Sources */ = {isa = PBXBuildFile; fileRef = B3667E9D1CBC184A00A225F9 /* ofxEasingElastic.cpp */; };
		B3667EB31CBC184A00A225F9 /* ofxEasingExpo.cpp in Sources */ = {isa = PBXBuildFile; fileRef = B3667E9F1CBC184A00A225F9 /* ofxEasingExpo.cpp */; };
		B3667EB41CBC184A00A225F9 /* ofxEasingLinear.cpp in Sources */ = {isa = PBXBuildFile; fileRef = B3667EA11CBC184A00A225F9 /* ofxEasingLinear.cpp */; };
		B3667EB51CBC184A00A225F9 /* ofxEasingQuad.cpp in Sources */ = {isa = PBXBuildFile; fileRef = B3667EA31CBC184A00A225F9 /* ofxEasingQuad.cpp */; };
		B3667EB61CBC184A00A225F9 /* ofxEasingQuart.cpp in Sources */ = {isa = PBXBuildFile; fileRef = B3667EA51CBC184A00A225F9 /* ofxEasingQuart.cpp */; };
		B3667EB71CBC184A00A225F9 /* ofxEasingQuint.cpp in Sources */ = {isa = PBXBuildFile; fileRef = B3667EA71CBC184A00A225F9 /* ofxEasingQuint.cpp */; };
		B3667EB81CBC184A00A225F9 /* ofxEasingSine.cpp in Sources */ = {isa = PBXBuildFile; fileRef = B3667EA91CBC184A00A225F9 /* ofxEasingSine.cpp */; };
		B3667EB91CBC184A00A225F9 /* ofxTween.cpp in Sources */ = {isa = PBXBuildFile; fileRef = B3667EAB1CBC184A00A225F9 /* ofxTween.cpp */; };
		B3667EC11CBC184A00A225F9 /* ofxMSATimer.cpp in Sources */ = {isa = PBXBuildFile; fileRef = B3667EBF1CBC184A00A225F9 /* ofxMSATimer.cpp */; };
		B3667EC61CBC184A00A225F9 /* ofxTimecode.cpp in Sources */ = {isa = PBXBuildFile; fileRef = B3667EC41CBC184A00A225F9 /* ofxTimecode.cpp */; };
		B3667ECC1CBC184A00A225F9 /* ofxTextInputField.cpp in Sources */ = {isa = PBXBuildFile; fileRef = B3667EC91CBC184A00A225F9 /* ofxTextInputField.cpp */; };
		B3667EF61CBC1A3400A225F9 /* ofxAudioDecoder.cpp in Sources */ = {isa = PBXBuildFile; fileRef = B3667EE61CBC1A3400A225F9 /* ofxAudioDecoder.cpp */; };
		B3667EF71CBC1A3400A225F9 /* audiodecoderbase.cpp in Sources */ = {isa = PBXBuildFile; fileRef = B3667EF31CBC1A3400A225F9 /* audiodecoderbase.cpp */; };
		B3667EF81CBC1A3400A225F9 /* audiodecodercoreaudio.cpp in Sources */ = {isa = PBXBuildFile; fileRef = B3667EF41CBC1A3400A225F9 /* audiodecodercoreaudio.cpp */; };
		B3667EFB1CBC1A4700A225F9 /* OpenAL.framework in Frameworks */ = {isa = PBXBuildFile; fileRef = B3667EFA1CBC1A4700A225F9 /* OpenAL.framework */; };
		B3667F161CBC208E00A225F9 /* TimelineApp.cpp in Sources */ = {isa = PBXBuildFile; fileRef = B3667F141CBC208E00A225F9 /* TimelineApp.cpp */; };
		B3B2F0701CB54A1500FF25C3 /* instancedManager.cpp in Sources */ = {isa = PBXBuildFile; fileRef = B3B2F06E1CB54A1500FF25C3 /* instancedManager.cpp */; };
		E4B69E200A3A1BDC003C02F2 /* main.cpp in Sources */ = {isa = PBXBuildFile; fileRef = E4B69E1D0A3A1BDC003C02F2 /* main.cpp */; };
		E4B69E210A3A1BDC003C02F2 /* ofApp.cpp in Sources */ = {isa = PBXBuildFile; fileRef = E4B69E1E0A3A1BDC003C02F2 /* ofApp.cpp */; };
/* End PBXBuildFile section */

/* Begin PBXContainerItemProxy section */
		B3667DB71CBC009B00A225F9 /* PBXContainerItemProxy */ = {
			isa = PBXContainerItemProxy;
			containerPortal = B3667DB31CBC009B00A225F9 /* openFrameworksLib.xcodeproj */;
			proxyType = 2;
			remoteGlobalIDString = E4B27C1510CBEB8E00536013;
			remoteInfo = openFrameworks;
		};
		B3667DB91CBC00A400A225F9 /* PBXContainerItemProxy */ = {
			isa = PBXContainerItemProxy;
			containerPortal = B3667DB31CBC009B00A225F9 /* openFrameworksLib.xcodeproj */;
			proxyType = 1;
			remoteGlobalIDString = E4B27C1410CBEB8E00536013;
			remoteInfo = openFrameworks;
		};
/* End PBXContainerItemProxy section */

/* Begin PBXCopyFilesBuildPhase section */
		E4C2427710CC5ABF004149E2 /* CopyFiles */ = {
			isa = PBXCopyFilesBuildPhase;
			buildActionMask = 2147483647;
			dstPath = "";
			dstSubfolderSpec = 10;
			files = (
			);
			runOnlyForDeploymentPostprocessing = 0;
		};
/* End PBXCopyFilesBuildPhase section */

/* Begin PBXFileReference section */
		B34C9FE61CBE8B7500788684 /* GuiManager.cpp */ = {isa = PBXFileReference; fileEncoding = 4; lastKnownFileType = sourcecode.cpp.cpp; path = GuiManager.cpp; sourceTree = "<group>"; };
		B34C9FE71CBE8B7500788684 /* GuiManager.h */ = {isa = PBXFileReference; fileEncoding = 4; lastKnownFileType = sourcecode.c.h; path = GuiManager.h; sourceTree = "<group>"; };
		B34C9FFD1CBE931000788684 /* fxBarrelDist.h */ = {isa = PBXFileReference; lastKnownFileType = sourcecode.c.h; path = fxBarrelDist.h; sourceTree = "<group>"; };
		B34C9FFE1CBE931000788684 /* fxFixFisheye.h */ = {isa = PBXFileReference; lastKnownFileType = sourcecode.c.h; path = fxFixFisheye.h; sourceTree = "<group>"; };
		B34C9FFF1CBE931000788684 /* fxVariableFisheye.h */ = {isa = PBXFileReference; lastKnownFileType = sourcecode.c.h; path = fxVariableFisheye.h; sourceTree = "<group>"; };
		B34CA0001CBE931000788684 /* ofxFisheye.cpp */ = {isa = PBXFileReference; lastKnownFileType = sourcecode.cpp.cpp; path = ofxFisheye.cpp; sourceTree = "<group>"; };
		B34CA0011CBE931000788684 /* ofxFisheye.h */ = {isa = PBXFileReference; lastKnownFileType = sourcecode.c.h; path = ofxFisheye.h; sourceTree = "<group>"; };
		B34CA0051CBE931200788684 /* ofxVideoRecorder.cpp */ = {isa = PBXFileReference; lastKnownFileType = sourcecode.cpp.cpp; path = ofxVideoRecorder.cpp; sourceTree = "<group>"; };
		B34CA0061CBE931200788684 /* ofxVideoRecorder.h */ = {isa = PBXFileReference; lastKnownFileType = sourcecode.c.h; path = ofxVideoRecorder.h; sourceTree = "<group>"; };
		B34CA0081CBE934700788684 /* VideoRenderer.cpp */ = {isa = PBXFileReference; fileEncoding = 4; lastKnownFileType = sourcecode.cpp.cpp; name = VideoRenderer.cpp; path = ../../../common_classes/VideoRenderer.cpp; sourceTree = "<group>"; };
		B34CA0091CBE934700788684 /* VideoRenderer.h */ = {isa = PBXFileReference; fileEncoding = 4; lastKnownFileType = sourcecode.c.h; name = VideoRenderer.h; path = ../../../common_classes/VideoRenderer.h; sourceTree = "<group>"; };
		B34CA00B1CBE949A00788684 /* ImageSaverThread.cpp */ = {isa = PBXFileReference; fileEncoding = 4; lastKnownFileType = sourcecode.cpp.cpp; name = ImageSaverThread.cpp; path = ../../../common_classes/ImageSaverThread.cpp; sourceTree = "<group>"; };
		B34CA00C1CBE949A00788684 /* ImageSaverThread.h */ = {isa = PBXFileReference; fileEncoding = 4; lastKnownFileType = sourcecode.c.h; name = ImageSaverThread.h; path = ../../../common_classes/ImageSaverThread.h; sourceTree = "<group>"; };
		B34CA00F1CBE99BF00788684 /* Constants.h */ = {isa = PBXFileReference; lastKnownFileType = sourcecode.c.h; path = Constants.h; sourceTree = "<group>"; };
		B3667DB21CBC009B00A225F9 /* CoreOF.xcconfig */ = {isa = PBXFileReference; fileEncoding = 4; lastKnownFileType = text.xcconfig; name = CoreOF.xcconfig; path = ../../../../../libs/openFrameworksCompiled/project/osx/CoreOF.xcconfig; sourceTree = "<group>"; };
		B3667DB31CBC009B00A225F9 /* openFrameworksLib.xcodeproj */ = {isa = PBXFileReference; lastKnownFileType = "wrapper.pb-project"; name = openFrameworksLib.xcodeproj; path = ../../../../../libs/openFrameworksCompiled/project/osx/openFrameworksLib.xcodeproj; sourceTree = "<group>"; };
		B3667DBE1CBC00CF00A225F9 /* ofxBaseGui.cpp */ = {isa = PBXFileReference; lastKnownFileType = sourcecode.cpp.cpp; path = ofxBaseGui.cpp; sourceTree = "<group>"; };
		B3667DBF1CBC00CF00A225F9 /* ofxBaseGui.h */ = {isa = PBXFileReference; lastKnownFileType = sourcecode.c.h; path = ofxBaseGui.h; sourceTree = "<group>"; };
		B3667DC01CBC00CF00A225F9 /* ofxButton.cpp */ = {isa = PBXFileReference; lastKnownFileType = sourcecode.cpp.cpp; path = ofxButton.cpp; sourceTree = "<group>"; };
		B3667DC11CBC00CF00A225F9 /* ofxButton.h */ = {isa = PBXFileReference; lastKnownFileType = sourcecode.c.h; path = ofxButton.h; sourceTree = "<group>"; };
		B3667DC21CBC00CF00A225F9 /* ofxGui.h */ = {isa = PBXFileReference; lastKnownFileType = sourcecode.c.h; path = ofxGui.h; sourceTree = "<group>"; };
		B3667DC31CBC00CF00A225F9 /* ofxGuiGroup.cpp */ = {isa = PBXFileReference; lastKnownFileType = sourcecode.cpp.cpp; path = ofxGuiGroup.cpp; sourceTree = "<group>"; };
		B3667DC41CBC00CF00A225F9 /* ofxGuiGroup.h */ = {isa = PBXFileReference; lastKnownFileType = sourcecode.c.h; path = ofxGuiGroup.h; sourceTree = "<group>"; };
		B3667DC51CBC00CF00A225F9 /* ofxLabel.cpp */ = {isa = PBXFileReference; lastKnownFileType = sourcecode.cpp.cpp; path = ofxLabel.cpp; sourceTree = "<group>"; };
		B3667DC61CBC00CF00A225F9 /* ofxLabel.h */ = {isa = PBXFileReference; lastKnownFileType = sourcecode.c.h; path = ofxLabel.h; sourceTree = "<group>"; };
		B3667DC71CBC00CF00A225F9 /* ofxPanel.cpp */ = {isa = PBXFileReference; lastKnownFileType = sourcecode.cpp.cpp; path = ofxPanel.cpp; sourceTree = "<group>"; };
		B3667DC81CBC00CF00A225F9 /* ofxPanel.h */ = {isa = PBXFileReference; lastKnownFileType = sourcecode.c.h; path = ofxPanel.h; sourceTree = "<group>"; };
		B3667DC91CBC00CF00A225F9 /* ofxSlider.cpp */ = {isa = PBXFileReference; lastKnownFileType = sourcecode.cpp.cpp; path = ofxSlider.cpp; sourceTree = "<group>"; };
		B3667DCA1CBC00CF00A225F9 /* ofxSlider.h */ = {isa = PBXFileReference; lastKnownFileType = sourcecode.c.h; path = ofxSlider.h; sourceTree = "<group>"; };
		B3667DCB1CBC00CF00A225F9 /* ofxSliderGroup.cpp */ = {isa = PBXFileReference; lastKnownFileType = sourcecode.cpp.cpp; path = ofxSliderGroup.cpp; sourceTree = "<group>"; };
		B3667DCC1CBC00CF00A225F9 /* ofxSliderGroup.h */ = {isa = PBXFileReference; lastKnownFileType = sourcecode.c.h; path = ofxSliderGroup.h; sourceTree = "<group>"; };
		B3667DCD1CBC00CF00A225F9 /* ofxToggle.cpp */ = {isa = PBXFileReference; lastKnownFileType = sourcecode.cpp.cpp; path = ofxToggle.cpp; sourceTree = "<group>"; };
		B3667DCE1CBC00CF00A225F9 /* ofxToggle.h */ = {isa = PBXFileReference; lastKnownFileType = sourcecode.c.h; path = ofxToggle.h; sourceTree = "<group>"; };
		B3667DF21CBC184A00A225F9 /* ofxHotKeys.h */ = {isa = PBXFileReference; lastKnownFileType = sourcecode.c.h; path = ofxHotKeys.h; sourceTree = "<group>"; };
		B3667DF31CBC184A00A225F9 /* ofxHotKeys_impl_linux.cpp */ = {isa = PBXFileReference; lastKnownFileType = sourcecode.cpp.cpp; path = ofxHotKeys_impl_linux.cpp; sourceTree = "<group>"; };
		B3667DF41CBC184A00A225F9 /* ofxHotKeys_impl_mac.mm */ = {isa = PBXFileReference; lastKnownFileType = sourcecode.cpp.objcpp; path = ofxHotKeys_impl_mac.mm; sourceTree = "<group>"; };
		B3667DF51CBC184A00A225F9 /* ofxHotKeys_impl_win.cpp */ = {isa = PBXFileReference; lastKnownFileType = sourcecode.cpp.cpp; path = ofxHotKeys_impl_win.cpp; sourceTree = "<group>"; };
		B3667DF61CBC184A00A225F9 /* ofxRemoveCocoaMenu.h */ = {isa = PBXFileReference; lastKnownFileType = sourcecode.c.h; path = ofxRemoveCocoaMenu.h; sourceTree = "<group>"; };
		B3667DF71CBC184A00A225F9 /* ofxRemoveCocoaMenu.mm */ = {isa = PBXFileReference; lastKnownFileType = sourcecode.cpp.objcpp; path = ofxRemoveCocoaMenu.mm; sourceTree = "<group>"; };
		B3667DF81CBC184A00A225F9 /* ofxTimeline.cpp */ = {isa = PBXFileReference; lastKnownFileType = sourcecode.cpp.cpp; path = ofxTimeline.cpp; sourceTree = "<group>"; };
		B3667DF91CBC184A00A225F9 /* ofxTimeline.h */ = {isa = PBXFileReference; lastKnownFileType = sourcecode.c.h; path = ofxTimeline.h; sourceTree = "<group>"; };
		B3667DFA1CBC184A00A225F9 /* ofxTLAudioTrack.cpp */ = {isa = PBXFileReference; lastKnownFileType = sourcecode.cpp.cpp; path = ofxTLAudioTrack.cpp; sourceTree = "<group>"; };
		B3667DFB1CBC184A00A225F9 /* ofxTLAudioTrack.h */ = {isa = PBXFileReference; lastKnownFileType = sourcecode.c.h; path = ofxTLAudioTrack.h; sourceTree = "<group>"; };
		B3667DFC1CBC184A00A225F9 /* ofxTLBangs.cpp */ = {isa = PBXFileReference; lastKnownFileType = sourcecode.cpp.cpp; path = ofxTLBangs.cpp; sourceTree = "<group>"; };
		B3667DFD1CBC184A00A225F9 /* ofxTLBangs.h */ = {isa = PBXFileReference; lastKnownFileType = sourcecode.c.h; path = ofxTLBangs.h; sourceTree = "<group>"; };
		B3667DFE1CBC184A00A225F9 /* ofxTLCameraTrack.cpp */ = {isa = PBXFileReference; lastKnownFileType = sourcecode.cpp.cpp; path = ofxTLCameraTrack.cpp; sourceTree = "<group>"; };
		B3667DFF1CBC184A00A225F9 /* ofxTLCameraTrack.h */ = {isa = PBXFileReference; lastKnownFileType = sourcecode.c.h; path = ofxTLCameraTrack.h; sourceTree = "<group>"; };
		B3667E001CBC184A00A225F9 /* ofxTLColors.cpp */ = {isa = PBXFileReference; lastKnownFileType = sourcecode.cpp.cpp; path = ofxTLColors.cpp; sourceTree = "<group>"; };
		B3667E011CBC184A00A225F9 /* ofxTLColors.h */ = {isa = PBXFileReference; lastKnownFileType = sourcecode.c.h; path = ofxTLColors.h; sourceTree = "<group>"; };
		B3667E021CBC184A00A225F9 /* ofxTLColorTrack.cpp */ = {isa = PBXFileReference; lastKnownFileType = sourcecode.cpp.cpp; path = ofxTLColorTrack.cpp; sourceTree = "<group>"; };
		B3667E031CBC184A00A225F9 /* ofxTLColorTrack.h */ = {isa = PBXFileReference; lastKnownFileType = sourcecode.c.h; path = ofxTLColorTrack.h; sourceTree = "<group>"; };
		B3667E041CBC184A00A225F9 /* ofxTLCurves.cpp */ = {isa = PBXFileReference; lastKnownFileType = sourcecode.cpp.cpp; path = ofxTLCurves.cpp; sourceTree = "<group>"; };
		B3667E051CBC184A00A225F9 /* ofxTLCurves.h */ = {isa = PBXFileReference; lastKnownFileType = sourcecode.c.h; path = ofxTLCurves.h; sourceTree = "<group>"; };
		B3667E061CBC184A00A225F9 /* ofxTLEmptyKeyframes.cpp */ = {isa = PBXFileReference; lastKnownFileType = sourcecode.cpp.cpp; path = ofxTLEmptyKeyframes.cpp; sourceTree = "<group>"; };
		B3667E071CBC184A00A225F9 /* ofxTLEmptyKeyframes.h */ = {isa = PBXFileReference; lastKnownFileType = sourcecode.c.h; path = ofxTLEmptyKeyframes.h; sourceTree = "<group>"; };
		B3667E081CBC184A00A225F9 /* ofxTLEmptyTrack.cpp */ = {isa = PBXFileReference; lastKnownFileType = sourcecode.cpp.cpp; path = ofxTLEmptyTrack.cpp; sourceTree = "<group>"; };
		B3667E091CBC184A00A225F9 /* ofxTLEmptyTrack.h */ = {isa = PBXFileReference; lastKnownFileType = sourcecode.c.h; path = ofxTLEmptyTrack.h; sourceTree = "<group>"; };
		B3667E0A1CBC184A00A225F9 /* ofxTLEvents.h */ = {isa = PBXFileReference; lastKnownFileType = sourcecode.c.h; path = ofxTLEvents.h; sourceTree = "<group>"; };
		B3667E0B1CBC184A00A225F9 /* ofxTLFlags.cpp */ = {isa = PBXFileReference; lastKnownFileType = sourcecode.cpp.cpp; path = ofxTLFlags.cpp; sourceTree = "<group>"; };
		B3667E0C1CBC184A00A225F9 /* ofxTLFlags.h */ = {isa = PBXFileReference; lastKnownFileType = sourcecode.c.h; path = ofxTLFlags.h; sourceTree = "<group>"; };
		B3667E0D1CBC184A00A225F9 /* ofxTLImageSequence.cpp */ = {isa = PBXFileReference; lastKnownFileType = sourcecode.cpp.cpp; path = ofxTLImageSequence.cpp; sourceTree = "<group>"; };
		B3667E0E1CBC184A00A225F9 /* ofxTLImageSequence.h */ = {isa = PBXFileReference; lastKnownFileType = sourcecode.c.h; path = ofxTLImageSequence.h; sourceTree = "<group>"; };
		B3667E0F1CBC184A00A225F9 /* ofxTLImageSequenceFrame.cpp */ = {isa = PBXFileReference; lastKnownFileType = sourcecode.cpp.cpp; path = ofxTLImageSequenceFrame.cpp; sourceTree = "<group>"; };
		B3667E101CBC184A00A225F9 /* ofxTLImageSequenceFrame.h */ = {isa = PBXFileReference; lastKnownFileType = sourcecode.c.h; path = ofxTLImageSequenceFrame.h; sourceTree = "<group>"; };
		B3667E111CBC184A00A225F9 /* ofxTLImageTrack.cpp */ = {isa = PBXFileReference; lastKnownFileType = sourcecode.cpp.cpp; path = ofxTLImageTrack.cpp; sourceTree = "<group>"; };
		B3667E121CBC184A00A225F9 /* ofxTLImageTrack.h */ = {isa = PBXFileReference; lastKnownFileType = sourcecode.c.h; path = ofxTLImageTrack.h; sourceTree = "<group>"; };
		B3667E131CBC184A00A225F9 /* ofxTLInOut.cpp */ = {isa = PBXFileReference; lastKnownFileType = sourcecode.cpp.cpp; path = ofxTLInOut.cpp; sourceTree = "<group>"; };
		B3667E141CBC184A00A225F9 /* ofxTLInOut.h */ = {isa = PBXFileReference; lastKnownFileType = sourcecode.c.h; path = ofxTLInOut.h; sourceTree = "<group>"; };
		B3667E151CBC184A00A225F9 /* ofxTLKeyframes.cpp */ = {isa = PBXFileReference; lastKnownFileType = sourcecode.cpp.cpp; path = ofxTLKeyframes.cpp; sourceTree = "<group>"; };
		B3667E161CBC184A00A225F9 /* ofxTLKeyframes.h */ = {isa = PBXFileReference; lastKnownFileType = sourcecode.c.h; path = ofxTLKeyframes.h; sourceTree = "<group>"; };
		B3667E171CBC184A00A225F9 /* ofxTLLFO.cpp */ = {isa = PBXFileReference; lastKnownFileType = sourcecode.cpp.cpp; path = ofxTLLFO.cpp; sourceTree = "<group>"; };
		B3667E181CBC184A00A225F9 /* ofxTLLFO.h */ = {isa = PBXFileReference; lastKnownFileType = sourcecode.c.h; path = ofxTLLFO.h; sourceTree = "<group>"; };
		B3667E191CBC184A00A225F9 /* ofxTLPage.cpp */ = {isa = PBXFileReference; lastKnownFileType = sourcecode.cpp.cpp; path = ofxTLPage.cpp; sourceTree = "<group>"; };
		B3667E1A1CBC184A00A225F9 /* ofxTLPage.h */ = {isa = PBXFileReference; lastKnownFileType = sourcecode.c.h; path = ofxTLPage.h; sourceTree = "<group>"; };
		B3667E1B1CBC184A00A225F9 /* ofxTLPageTabs.cpp */ = {isa = PBXFileReference; lastKnownFileType = sourcecode.cpp.cpp; path = ofxTLPageTabs.cpp; sourceTree = "<group>"; };
		B3667E1C1CBC184A00A225F9 /* ofxTLPageTabs.h */ = {isa = PBXFileReference; lastKnownFileType = sourcecode.c.h; path = ofxTLPageTabs.h; sourceTree = "<group>"; };
		B3667E1D1CBC184A00A225F9 /* ofxTLSwitches.cpp */ = {isa = PBXFileReference; lastKnownFileType = sourcecode.cpp.cpp; path = ofxTLSwitches.cpp; sourceTree = "<group>"; };
		B3667E1E1CBC184A00A225F9 /* ofxTLSwitches.h */ = {isa = PBXFileReference; lastKnownFileType = sourcecode.c.h; path = ofxTLSwitches.h; sourceTree = "<group>"; };
		B3667E1F1CBC184A00A225F9 /* ofxTLTicker.cpp */ = {isa = PBXFileReference; lastKnownFileType = sourcecode.cpp.cpp; path = ofxTLTicker.cpp; sourceTree = "<group>"; };
		B3667E201CBC184A00A225F9 /* ofxTLTicker.h */ = {isa = PBXFileReference; lastKnownFileType = sourcecode.c.h; path = ofxTLTicker.h; sourceTree = "<group>"; };
		B3667E211CBC184A00A225F9 /* ofxTLTrack.cpp */ = {isa = PBXFileReference; lastKnownFileType = sourcecode.cpp.cpp; path = ofxTLTrack.cpp; sourceTree = "<group>"; };
		B3667E221CBC184A00A225F9 /* ofxTLTrack.h */ = {isa = PBXFileReference; lastKnownFileType = sourcecode.c.h; path = ofxTLTrack.h; sourceTree = "<group>"; };
		B3667E231CBC184A00A225F9 /* ofxTLTrackHeader.cpp */ = {isa = PBXFileReference; lastKnownFileType = sourcecode.cpp.cpp; path = ofxTLTrackHeader.cpp; sourceTree = "<group>"; };
		B3667E241CBC184A00A225F9 /* ofxTLTrackHeader.h */ = {isa = PBXFileReference; lastKnownFileType = sourcecode.c.h; path = ofxTLTrackHeader.h; sourceTree = "<group>"; };
		B3667E251CBC184A00A225F9 /* ofxTLVideoThumb.cpp */ = {isa = PBXFileReference; lastKnownFileType = sourcecode.cpp.cpp; path = ofxTLVideoThumb.cpp; sourceTree = "<group>"; };
		B3667E261CBC184A00A225F9 /* ofxTLVideoThumb.h */ = {isa = PBXFileReference; lastKnownFileType = sourcecode.c.h; path = ofxTLVideoThumb.h; sourceTree = "<group>"; };
		B3667E271CBC184A00A225F9 /* ofxTLVideoTrack.cpp */ = {isa = PBXFileReference; lastKnownFileType = sourcecode.cpp.cpp; path = ofxTLVideoTrack.cpp; sourceTree = "<group>"; };
		B3667E281CBC184A00A225F9 /* ofxTLVideoTrack.h */ = {isa = PBXFileReference; lastKnownFileType = sourcecode.c.h; path = ofxTLVideoTrack.h; sourceTree = "<group>"; };
		B3667E291CBC184A00A225F9 /* ofxTLZoomer.cpp */ = {isa = PBXFileReference; lastKnownFileType = sourcecode.cpp.cpp; path = ofxTLZoomer.cpp; sourceTree = "<group>"; };
		B3667E2A1CBC184A00A225F9 /* ofxTLZoomer.h */ = {isa = PBXFileReference; lastKnownFileType = sourcecode.c.h; path = ofxTLZoomer.h; sourceTree = "<group>"; };
		B3667E2E1CBC184A00A225F9 /* kiss_fft.h */ = {isa = PBXFileReference; lastKnownFileType = sourcecode.c.h; path = kiss_fft.h; sourceTree = "<group>"; };
		B3667E2F1CBC184A00A225F9 /* kiss_fftr.h */ = {isa = PBXFileReference; lastKnownFileType = sourcecode.c.h; path = kiss_fftr.h; sourceTree = "<group>"; };
		B3667E311CBC184A00A225F9 /* _kiss_fft_guts.h */ = {isa = PBXFileReference; lastKnownFileType = sourcecode.c.h; path = _kiss_fft_guts.h; sourceTree = "<group>"; };
		B3667E321CBC184A00A225F9 /* kiss_fft.c */ = {isa = PBXFileReference; lastKnownFileType = sourcecode.c.c; path = kiss_fft.c; sourceTree = "<group>"; };
		B3667E331CBC184A00A225F9 /* kiss_fftr.c */ = {isa = PBXFileReference; lastKnownFileType = sourcecode.c.c; path = kiss_fftr.c; sourceTree = "<group>"; };
		B3667E361CBC184A00A225F9 /* ofOpenALSoundPlayer_TimelineAdditions.cpp */ = {isa = PBXFileReference; lastKnownFileType = sourcecode.cpp.cpp; path = ofOpenALSoundPlayer_TimelineAdditions.cpp; sourceTree = "<group>"; };
		B3667E371CBC184A00A225F9 /* ofOpenALSoundPlayer_TimelineAdditions.h */ = {isa = PBXFileReference; lastKnownFileType = sourcecode.c.h; path = ofOpenALSoundPlayer_TimelineAdditions.h; sourceTree = "<group>"; };
		B3667E3C1CBC184A00A225F9 /* OpenAL32.dll */ = {isa = PBXFileReference; lastKnownFileType = file; path = OpenAL32.dll; sourceTree = "<group>"; };
		B3667E3D1CBC184A00A225F9 /* soft_oal.dll */ = {isa = PBXFileReference; lastKnownFileType = file; path = soft_oal.dll; sourceTree = "<group>"; };
		B3667E3F1CBC184A00A225F9 /* OpenAL32.dll */ = {isa = PBXFileReference; lastKnownFileType = file; path = OpenAL32.dll; sourceTree = "<group>"; };
		B3667E401CBC184A00A225F9 /* soft_oal.dll */ = {isa = PBXFileReference; lastKnownFileType = file; path = soft_oal.dll; sourceTree = "<group>"; };
		B3667E431CBC184A00A225F9 /* al.h */ = {isa = PBXFileReference; lastKnownFileType = sourcecode.c.h; path = al.h; sourceTree = "<group>"; };
		B3667E441CBC184A00A225F9 /* alc.h */ = {isa = PBXFileReference; lastKnownFileType = sourcecode.c.h; path = alc.h; sourceTree = "<group>"; };
		B3667E451CBC184A00A225F9 /* alext.h */ = {isa = PBXFileReference; lastKnownFileType = sourcecode.c.h; path = alext.h; sourceTree = "<group>"; };
		B3667E461CBC184A00A225F9 /* efx-creative.h */ = {isa = PBXFileReference; lastKnownFileType = sourcecode.c.h; path = "efx-creative.h"; sourceTree = "<group>"; };
		B3667E471CBC184A00A225F9 /* efx-presets.h */ = {isa = PBXFileReference; lastKnownFileType = sourcecode.c.h; path = "efx-presets.h"; sourceTree = "<group>"; };
		B3667E481CBC184A00A225F9 /* efx.h */ = {isa = PBXFileReference; lastKnownFileType = sourcecode.c.h; path = efx.h; sourceTree = "<group>"; };
		B3667E4B1CBC184A00A225F9 /* libsndfile.a */ = {isa = PBXFileReference; lastKnownFileType = archive.ar; path = libsndfile.a; sourceTree = "<group>"; };
		B3667E551CBC184A00A225F9 /* libsndfile-1.dll */ = {isa = PBXFileReference; lastKnownFileType = file; path = "libsndfile-1.dll"; sourceTree = "<group>"; };
		B3667E571CBC184A00A225F9 /* libsndfile-1.dll */ = {isa = PBXFileReference; lastKnownFileType = file; path = "libsndfile-1.dll"; sourceTree = "<group>"; };
		B3667E591CBC184A00A225F9 /* sndfile.h */ = {isa = PBXFileReference; lastKnownFileType = sourcecode.c.h; path = sndfile.h; sourceTree = "<group>"; };
		B3667E5A1CBC184A00A225F9 /* sndfile.hh */ = {isa = PBXFileReference; lastKnownFileType = sourcecode.cpp.h; path = sndfile.hh; sourceTree = "<group>"; };
		B3667E841CBC184A00A225F9 /* ofxXmlSettings.cpp */ = {isa = PBXFileReference; lastKnownFileType = sourcecode.cpp.cpp; path = ofxXmlSettings.cpp; sourceTree = "<group>"; };
		B3667E851CBC184A00A225F9 /* ofxXmlSettings.h */ = {isa = PBXFileReference; lastKnownFileType = sourcecode.c.h; path = ofxXmlSettings.h; sourceTree = "<group>"; };
		B3667E871CBC184A00A225F9 /* tinyxml.cpp */ = {isa = PBXFileReference; lastKnownFileType = sourcecode.cpp.cpp; path = tinyxml.cpp; sourceTree = "<group>"; };
		B3667E881CBC184A00A225F9 /* tinyxml.h */ = {isa = PBXFileReference; lastKnownFileType = sourcecode.c.h; path = tinyxml.h; sourceTree = "<group>"; };
		B3667E891CBC184A00A225F9 /* tinyxmlerror.cpp */ = {isa = PBXFileReference; lastKnownFileType = sourcecode.cpp.cpp; path = tinyxmlerror.cpp; sourceTree = "<group>"; };
		B3667E8A1CBC184A00A225F9 /* tinyxmlparser.cpp */ = {isa = PBXFileReference; lastKnownFileType = sourcecode.cpp.cpp; path = tinyxmlparser.cpp; sourceTree = "<group>"; };
		B3667E921CBC184A00A225F9 /* easing_terms_of_use.html */ = {isa = PBXFileReference; lastKnownFileType = text.html; path = easing_terms_of_use.html; sourceTree = "<group>"; };
		B3667E931CBC184A00A225F9 /* ofxEasing.cpp */ = {isa = PBXFileReference; lastKnownFileType = sourcecode.cpp.cpp; path = ofxEasing.cpp; sourceTree = "<group>"; };
		B3667E941CBC184A00A225F9 /* ofxEasing.h */ = {isa = PBXFileReference; lastKnownFileType = sourcecode.c.h; path = ofxEasing.h; sourceTree = "<group>"; };
		B3667E951CBC184A00A225F9 /* ofxEasingBack.cpp */ = {isa = PBXFileReference; lastKnownFileType = sourcecode.cpp.cpp; path = ofxEasingBack.cpp; sourceTree = "<group>"; };
		B3667E961CBC184A00A225F9 /* ofxEasingBack.h */ = {isa = PBXFileReference; lastKnownFileType = sourcecode.c.h; path = ofxEasingBack.h; sourceTree = "<group>"; };
		B3667E971CBC184A00A225F9 /* ofxEasingBounce.cpp */ = {isa = PBXFileReference; lastKnownFileType = sourcecode.cpp.cpp; path = ofxEasingBounce.cpp; sourceTree = "<group>"; };
		B3667E981CBC184A00A225F9 /* ofxEasingBounce.h */ = {isa = PBXFileReference; lastKnownFileType = sourcecode.c.h; path = ofxEasingBounce.h; sourceTree = "<group>"; };
		B3667E991CBC184A00A225F9 /* ofxEasingCirc.cpp */ = {isa = PBXFileReference; lastKnownFileType = sourcecode.cpp.cpp; path = ofxEasingCirc.cpp; sourceTree = "<group>"; };
		B3667E9A1CBC184A00A225F9 /* ofxEasingCirc.h */ = {isa = PBXFileReference; lastKnownFileType = sourcecode.c.h; path = ofxEasingCirc.h; sourceTree = "<group>"; };
		B3667E9B1CBC184A00A225F9 /* ofxEasingCubic.cpp */ = {isa = PBXFileReference; lastKnownFileType = sourcecode.cpp.cpp; path = ofxEasingCubic.cpp; sourceTree = "<group>"; };
		B3667E9C1CBC184A00A225F9 /* ofxEasingCubic.h */ = {isa = PBXFileReference; lastKnownFileType = sourcecode.c.h; path = ofxEasingCubic.h; sourceTree = "<group>"; };
		B3667E9D1CBC184A00A225F9 /* ofxEasingElastic.cpp */ = {isa = PBXFileReference; lastKnownFileType = sourcecode.cpp.cpp; path = ofxEasingElastic.cpp; sourceTree = "<group>"; };
		B3667E9E1CBC184A00A225F9 /* ofxEasingElastic.h */ = {isa = PBXFileReference; lastKnownFileType = sourcecode.c.h; path = ofxEasingElastic.h; sourceTree = "<group>"; };
		B3667E9F1CBC184A00A225F9 /* ofxEasingExpo.cpp */ = {isa = PBXFileReference; lastKnownFileType = sourcecode.cpp.cpp; path = ofxEasingExpo.cpp; sourceTree = "<group>"; };
		B3667EA01CBC184A00A225F9 /* ofxEasingExpo.h */ = {isa = PBXFileReference; lastKnownFileType = sourcecode.c.h; path = ofxEasingExpo.h; sourceTree = "<group>"; };
		B3667EA11CBC184A00A225F9 /* ofxEasingLinear.cpp */ = {isa = PBXFileReference; lastKnownFileType = sourcecode.cpp.cpp; path = ofxEasingLinear.cpp; sourceTree = "<group>"; };
		B3667EA21CBC184A00A225F9 /* ofxEasingLinear.h */ = {isa = PBXFileReference; lastKnownFileType = sourcecode.c.h; path = ofxEasingLinear.h; sourceTree = "<group>"; };
		B3667EA31CBC184A00A225F9 /* ofxEasingQuad.cpp */ = {isa = PBXFileReference; lastKnownFileType = sourcecode.cpp.cpp; path = ofxEasingQuad.cpp; sourceTree = "<group>"; };
		B3667EA41CBC184A00A225F9 /* ofxEasingQuad.h */ = {isa = PBXFileReference; lastKnownFileType = sourcecode.c.h; path = ofxEasingQuad.h; sourceTree = "<group>"; };
		B3667EA51CBC184A00A225F9 /* ofxEasingQuart.cpp */ = {isa = PBXFileReference; lastKnownFileType = sourcecode.cpp.cpp; path = ofxEasingQuart.cpp; sourceTree = "<group>"; };
		B3667EA61CBC184A00A225F9 /* ofxEasingQuart.h */ = {isa = PBXFileReference; lastKnownFileType = sourcecode.c.h; path = ofxEasingQuart.h; sourceTree = "<group>"; };
		B3667EA71CBC184A00A225F9 /* ofxEasingQuint.cpp */ = {isa = PBXFileReference; lastKnownFileType = sourcecode.cpp.cpp; path = ofxEasingQuint.cpp; sourceTree = "<group>"; };
		B3667EA81CBC184A00A225F9 /* ofxEasingQuint.h */ = {isa = PBXFileReference; lastKnownFileType = sourcecode.c.h; path = ofxEasingQuint.h; sourceTree = "<group>"; };
		B3667EA91CBC184A00A225F9 /* ofxEasingSine.cpp */ = {isa = PBXFileReference; lastKnownFileType = sourcecode.cpp.cpp; path = ofxEasingSine.cpp; sourceTree = "<group>"; };
		B3667EAA1CBC184A00A225F9 /* ofxEasingSine.h */ = {isa = PBXFileReference; lastKnownFileType = sourcecode.c.h; path = ofxEasingSine.h; sourceTree = "<group>"; };
		B3667EAB1CBC184A00A225F9 /* ofxTween.cpp */ = {isa = PBXFileReference; lastKnownFileType = sourcecode.cpp.cpp; path = ofxTween.cpp; sourceTree = "<group>"; };
		B3667EAC1CBC184A00A225F9 /* ofxTween.h */ = {isa = PBXFileReference; lastKnownFileType = sourcecode.c.h; path = ofxTween.h; sourceTree = "<group>"; };
		B3667EBC1CBC184A00A225F9 /* ofRange.h */ = {isa = PBXFileReference; lastKnownFileType = sourcecode.c.h; path = ofRange.h; sourceTree = "<group>"; };
		B3667EBF1CBC184A00A225F9 /* ofxMSATimer.cpp */ = {isa = PBXFileReference; lastKnownFileType = sourcecode.cpp.cpp; path = ofxMSATimer.cpp; sourceTree = "<group>"; };
		B3667EC01CBC184A00A225F9 /* ofxMSATimer.h */ = {isa = PBXFileReference; lastKnownFileType = sourcecode.c.h; path = ofxMSATimer.h; sourceTree = "<group>"; };
		B3667EC41CBC184A00A225F9 /* ofxTimecode.cpp */ = {isa = PBXFileReference; lastKnownFileType = sourcecode.cpp.cpp; path = ofxTimecode.cpp; sourceTree = "<group>"; };
		B3667EC51CBC184A00A225F9 /* ofxTimecode.h */ = {isa = PBXFileReference; lastKnownFileType = sourcecode.c.h; path = ofxTimecode.h; sourceTree = "<group>"; };
		B3667EC91CBC184A00A225F9 /* ofxTextInputField.cpp */ = {isa = PBXFileReference; lastKnownFileType = sourcecode.cpp.cpp; path = ofxTextInputField.cpp; sourceTree = "<group>"; };
		B3667ECA1CBC184A00A225F9 /* ofxTextInputField.h */ = {isa = PBXFileReference; lastKnownFileType = sourcecode.c.h; path = ofxTextInputField.h; sourceTree = "<group>"; };
		B3667ECB1CBC184A00A225F9 /* ofxTextInputFieldFontRenderer.h */ = {isa = PBXFileReference; lastKnownFileType = sourcecode.c.h; path = ofxTextInputFieldFontRenderer.h; sourceTree = "<group>"; };
		B3667EE61CBC1A3400A225F9 /* ofxAudioDecoder.cpp */ = {isa = PBXFileReference; lastKnownFileType = sourcecode.cpp.cpp; path = ofxAudioDecoder.cpp; sourceTree = "<group>"; };
		B3667EE71CBC1A3400A225F9 /* ofxAudioDecoder.h */ = {isa = PBXFileReference; lastKnownFileType = sourcecode.c.h; path = ofxAudioDecoder.h; sourceTree = "<group>"; };
		B3667EEC1CBC1A3400A225F9 /* CADebugMacros.h */ = {isa = PBXFileReference; lastKnownFileType = sourcecode.c.h; path = CADebugMacros.h; sourceTree = "<group>"; };
		B3667EED1CBC1A3400A225F9 /* CAStreamBasicDescription.h */ = {isa = PBXFileReference; lastKnownFileType = sourcecode.c.h; path = CAStreamBasicDescription.h; sourceTree = "<group>"; };
		B3667EEE1CBC1A3400A225F9 /* audiodecoder.h */ = {isa = PBXFileReference; lastKnownFileType = sourcecode.c.h; path = audiodecoder.h; sourceTree = "<group>"; };
		B3667EEF1CBC1A3400A225F9 /* audiodecoderbase.h */ = {isa = PBXFileReference; lastKnownFileType = sourcecode.c.h; path = audiodecoderbase.h; sourceTree = "<group>"; };
		B3667EF01CBC1A3400A225F9 /* audiodecodercoreaudio.h */ = {isa = PBXFileReference; lastKnownFileType = sourcecode.c.h; path = audiodecodercoreaudio.h; sourceTree = "<group>"; };
		B3667EF31CBC1A3400A225F9 /* audiodecoderbase.cpp */ = {isa = PBXFileReference; lastKnownFileType = sourcecode.cpp.cpp; path = audiodecoderbase.cpp; sourceTree = "<group>"; };
		B3667EF41CBC1A3400A225F9 /* audiodecodercoreaudio.cpp */ = {isa = PBXFileReference; lastKnownFileType = sourcecode.cpp.cpp; path = audiodecodercoreaudio.cpp; sourceTree = "<group>"; };
		B3667EFA1CBC1A4700A225F9 /* OpenAL.framework */ = {isa = PBXFileReference; lastKnownFileType = wrapper.framework; name = OpenAL.framework; path = System/Library/Frameworks/OpenAL.framework; sourceTree = SDKROOT; };
		B3667F141CBC208E00A225F9 /* TimelineApp.cpp */ = {isa = PBXFileReference; fileEncoding = 4; lastKnownFileType = sourcecode.cpp.cpp; path = TimelineApp.cpp; sourceTree = "<group>"; };
		B3667F151CBC208E00A225F9 /* TimelineApp.h */ = {isa = PBXFileReference; fileEncoding = 4; lastKnownFileType = sourcecode.c.h; path = TimelineApp.h; sourceTree = "<group>"; };
		B3B2F06E1CB54A1500FF25C3 /* instancedManager.cpp */ = {isa = PBXFileReference; fileEncoding = 4; lastKnownFileType = sourcecode.cpp.cpp; path = instancedManager.cpp; sourceTree = "<group>"; };
		B3B2F06F1CB54A1500FF25C3 /* instancedManager.h */ = {isa = PBXFileReference; fileEncoding = 4; lastKnownFileType = sourcecode.c.h; path = instancedManager.h; sourceTree = "<group>"; };
		B3B2F0761CB5753500FF25C3 /* instancedRad.frag */ = {isa = PBXFileReference; fileEncoding = 4; lastKnownFileType = sourcecode.glsl; name = instancedRad.frag; path = bin/data/shadersGL2/instancedRad.frag; sourceTree = "<group>"; };
		B3B2F0771CB5753500FF25C3 /* instancedRad.vert */ = {isa = PBXFileReference; fileEncoding = 4; lastKnownFileType = sourcecode.glsl; name = instancedRad.vert; path = bin/data/shadersGL2/instancedRad.vert; sourceTree = "<group>"; };
		E4B69B5B0A3A1756003C02F2 /* videoTest_2Debug.app */ = {isa = PBXFileReference; explicitFileType = wrapper.application; includeInIndex = 0; path = videoTest_2Debug.app; sourceTree = BUILT_PRODUCTS_DIR; };
		E4B69E1D0A3A1BDC003C02F2 /* main.cpp */ = {isa = PBXFileReference; fileEncoding = 30; lastKnownFileType = sourcecode.cpp.cpp; name = main.cpp; path = src/main.cpp; sourceTree = SOURCE_ROOT; };
		E4B69E1E0A3A1BDC003C02F2 /* ofApp.cpp */ = {isa = PBXFileReference; explicitFileType = sourcecode.cpp.cpp; fileEncoding = 30; name = ofApp.cpp; path = src/ofApp.cpp; sourceTree = SOURCE_ROOT; };
		E4B69E1F0A3A1BDC003C02F2 /* ofApp.h */ = {isa = PBXFileReference; fileEncoding = 30; lastKnownFileType = sourcecode.c.h; name = ofApp.h; path = src/ofApp.h; sourceTree = SOURCE_ROOT; };
		E4B6FCAD0C3E899E008CF71C /* openFrameworks-Info.plist */ = {isa = PBXFileReference; fileEncoding = 30; lastKnownFileType = text.plist.xml; path = "openFrameworks-Info.plist"; sourceTree = "<group>"; };
		E4EB6923138AFD0F00A09F29 /* Project.xcconfig */ = {isa = PBXFileReference; fileEncoding = 4; lastKnownFileType = text.xcconfig; path = Project.xcconfig; sourceTree = "<group>"; };
/* End PBXFileReference section */

/* Begin PBXFrameworksBuildPhase section */
		E4B69B590A3A1756003C02F2 /* Frameworks */ = {
			isa = PBXFrameworksBuildPhase;
			buildActionMask = 2147483647;
			files = (
				B3667EFB1CBC1A4700A225F9 /* OpenAL.framework in Frameworks */,
				B3667DBB1CBC00A800A225F9 /* openFrameworksDebug.a in Frameworks */,
			);
			runOnlyForDeploymentPostprocessing = 0;
		};
/* End PBXFrameworksBuildPhase section */

/* Begin PBXGroup section */
		6948EE371B920CB800B5AC1A /* local_addons */ = {
			isa = PBXGroup;
			children = (
			);
			name = local_addons;
			sourceTree = "<group>";
		};
		B307B0891CBFD53200C42903 /* common classes */ = {
			isa = PBXGroup;
			children = (
				B34CA00B1CBE949A00788684 /* ImageSaverThread.cpp */,
				B34CA00C1CBE949A00788684 /* ImageSaverThread.h */,
				B34CA0081CBE934700788684 /* VideoRenderer.cpp */,
				B34CA0091CBE934700788684 /* VideoRenderer.h */,
			);
			name = "common classes";
			sourceTree = "<group>";
		};
		B34C9FFB1CBE931000788684 /* ofxFisheye */ = {
			isa = PBXGroup;
			children = (
				B34C9FFC1CBE931000788684 /* src */,
			);
			name = ofxFisheye;
			sourceTree = "<group>";
		};
		B34C9FFC1CBE931000788684 /* src */ = {
			isa = PBXGroup;
			children = (
				B34C9FFD1CBE931000788684 /* fxBarrelDist.h */,
				B34C9FFE1CBE931000788684 /* fxFixFisheye.h */,
				B34C9FFF1CBE931000788684 /* fxVariableFisheye.h */,
				B34CA0001CBE931000788684 /* ofxFisheye.cpp */,
				B34CA0011CBE931000788684 /* ofxFisheye.h */,
			);
			name = src;
			path = ../../addons/ofxFisheye/src;
			sourceTree = "<group>";
		};
		B34CA0031CBE931200788684 /* ofxVideoRecorder */ = {
			isa = PBXGroup;
			children = (
				B34CA0041CBE931200788684 /* src */,
			);
			name = ofxVideoRecorder;
			sourceTree = "<group>";
		};
		B34CA0041CBE931200788684 /* src */ = {
			isa = PBXGroup;
			children = (
				B34CA0051CBE931200788684 /* ofxVideoRecorder.cpp */,
				B34CA0061CBE931200788684 /* ofxVideoRecorder.h */,
			);
			name = src;
			path = ../../addons/ofxVideoRecorder/src;
			sourceTree = "<group>";
		};
		B3667DB41CBC009B00A225F9 /* Products */ = {
			isa = PBXGroup;
			children = (
				B3667DB81CBC009B00A225F9 /* openFrameworksDebug.a */,
			);
			name = Products;
			sourceTree = "<group>";
		};
		B3667DBC1CBC00CF00A225F9 /* ofxGui */ = {
			isa = PBXGroup;
			children = (
				B3667DBD1CBC00CF00A225F9 /* src */,
			);
			name = ofxGui;
			sourceTree = "<group>";
		};
		B3667DBD1CBC00CF00A225F9 /* src */ = {
			isa = PBXGroup;
			children = (
				B3667DBE1CBC00CF00A225F9 /* ofxBaseGui.cpp */,
				B3667DBF1CBC00CF00A225F9 /* ofxBaseGui.h */,
				B3667DC01CBC00CF00A225F9 /* ofxButton.cpp */,
				B3667DC11CBC00CF00A225F9 /* ofxButton.h */,
				B3667DC21CBC00CF00A225F9 /* ofxGui.h */,
				B3667DC31CBC00CF00A225F9 /* ofxGuiGroup.cpp */,
				B3667DC41CBC00CF00A225F9 /* ofxGuiGroup.h */,
				B3667DC51CBC00CF00A225F9 /* ofxLabel.cpp */,
				B3667DC61CBC00CF00A225F9 /* ofxLabel.h */,
				B3667DC71CBC00CF00A225F9 /* ofxPanel.cpp */,
				B3667DC81CBC00CF00A225F9 /* ofxPanel.h */,
				B3667DC91CBC00CF00A225F9 /* ofxSlider.cpp */,
				B3667DCA1CBC00CF00A225F9 /* ofxSlider.h */,
				B3667DCB1CBC00CF00A225F9 /* ofxSliderGroup.cpp */,
				B3667DCC1CBC00CF00A225F9 /* ofxSliderGroup.h */,
				B3667DCD1CBC00CF00A225F9 /* ofxToggle.cpp */,
				B3667DCE1CBC00CF00A225F9 /* ofxToggle.h */,
			);
			name = src;
			path = ../../../../../addons/ofxGui/src;
			sourceTree = "<group>";
		};
		B3667DF01CBC184A00A225F9 /* ofxTimeline */ = {
			isa = PBXGroup;
			children = (
				B3667DF11CBC184A00A225F9 /* src */,
				B3667E2B1CBC184A00A225F9 /* libs */,
			);
			name = ofxTimeline;
			sourceTree = "<group>";
		};
		B3667DF11CBC184A00A225F9 /* src */ = {
			isa = PBXGroup;
			children = (
				B3667DF21CBC184A00A225F9 /* ofxHotKeys.h */,
				B3667DF31CBC184A00A225F9 /* ofxHotKeys_impl_linux.cpp */,
				B3667DF41CBC184A00A225F9 /* ofxHotKeys_impl_mac.mm */,
				B3667DF51CBC184A00A225F9 /* ofxHotKeys_impl_win.cpp */,
				B3667DF61CBC184A00A225F9 /* ofxRemoveCocoaMenu.h */,
				B3667DF71CBC184A00A225F9 /* ofxRemoveCocoaMenu.mm */,
				B3667DF81CBC184A00A225F9 /* ofxTimeline.cpp */,
				B3667DF91CBC184A00A225F9 /* ofxTimeline.h */,
				B3667DFA1CBC184A00A225F9 /* ofxTLAudioTrack.cpp */,
				B3667DFB1CBC184A00A225F9 /* ofxTLAudioTrack.h */,
				B3667DFC1CBC184A00A225F9 /* ofxTLBangs.cpp */,
				B3667DFD1CBC184A00A225F9 /* ofxTLBangs.h */,
				B3667DFE1CBC184A00A225F9 /* ofxTLCameraTrack.cpp */,
				B3667DFF1CBC184A00A225F9 /* ofxTLCameraTrack.h */,
				B3667E001CBC184A00A225F9 /* ofxTLColors.cpp */,
				B3667E011CBC184A00A225F9 /* ofxTLColors.h */,
				B3667E021CBC184A00A225F9 /* ofxTLColorTrack.cpp */,
				B3667E031CBC184A00A225F9 /* ofxTLColorTrack.h */,
				B3667E041CBC184A00A225F9 /* ofxTLCurves.cpp */,
				B3667E051CBC184A00A225F9 /* ofxTLCurves.h */,
				B3667E061CBC184A00A225F9 /* ofxTLEmptyKeyframes.cpp */,
				B3667E071CBC184A00A225F9 /* ofxTLEmptyKeyframes.h */,
				B3667E081CBC184A00A225F9 /* ofxTLEmptyTrack.cpp */,
				B3667E091CBC184A00A225F9 /* ofxTLEmptyTrack.h */,
				B3667E0A1CBC184A00A225F9 /* ofxTLEvents.h */,
				B3667E0B1CBC184A00A225F9 /* ofxTLFlags.cpp */,
				B3667E0C1CBC184A00A225F9 /* ofxTLFlags.h */,
				B3667E0D1CBC184A00A225F9 /* ofxTLImageSequence.cpp */,
				B3667E0E1CBC184A00A225F9 /* ofxTLImageSequence.h */,
				B3667E0F1CBC184A00A225F9 /* ofxTLImageSequenceFrame.cpp */,
				B3667E101CBC184A00A225F9 /* ofxTLImageSequenceFrame.h */,
				B3667E111CBC184A00A225F9 /* ofxTLImageTrack.cpp */,
				B3667E121CBC184A00A225F9 /* ofxTLImageTrack.h */,
				B3667E131CBC184A00A225F9 /* ofxTLInOut.cpp */,
				B3667E141CBC184A00A225F9 /* ofxTLInOut.h */,
				B3667E151CBC184A00A225F9 /* ofxTLKeyframes.cpp */,
				B3667E161CBC184A00A225F9 /* ofxTLKeyframes.h */,
				B3667E171CBC184A00A225F9 /* ofxTLLFO.cpp */,
				B3667E181CBC184A00A225F9 /* ofxTLLFO.h */,
				B3667E191CBC184A00A225F9 /* ofxTLPage.cpp */,
				B3667E1A1CBC184A00A225F9 /* ofxTLPage.h */,
				B3667E1B1CBC184A00A225F9 /* ofxTLPageTabs.cpp */,
				B3667E1C1CBC184A00A225F9 /* ofxTLPageTabs.h */,
				B3667E1D1CBC184A00A225F9 /* ofxTLSwitches.cpp */,
				B3667E1E1CBC184A00A225F9 /* ofxTLSwitches.h */,
				B3667E1F1CBC184A00A225F9 /* ofxTLTicker.cpp */,
				B3667E201CBC184A00A225F9 /* ofxTLTicker.h */,
				B3667E211CBC184A00A225F9 /* ofxTLTrack.cpp */,
				B3667E221CBC184A00A225F9 /* ofxTLTrack.h */,
				B3667E231CBC184A00A225F9 /* ofxTLTrackHeader.cpp */,
				B3667E241CBC184A00A225F9 /* ofxTLTrackHeader.h */,
				B3667E251CBC184A00A225F9 /* ofxTLVideoThumb.cpp */,
				B3667E261CBC184A00A225F9 /* ofxTLVideoThumb.h */,
				B3667E271CBC184A00A225F9 /* ofxTLVideoTrack.cpp */,
				B3667E281CBC184A00A225F9 /* ofxTLVideoTrack.h */,
				B3667E291CBC184A00A225F9 /* ofxTLZoomer.cpp */,
				B3667E2A1CBC184A00A225F9 /* ofxTLZoomer.h */,
			);
			name = src;
			path = ../../../../../addons/ofxTimeline/src;
			sourceTree = "<group>";
		};
		B3667E2B1CBC184A00A225F9 /* libs */ = {
			isa = PBXGroup;
			children = (
				B3667E2C1CBC184A00A225F9 /* kiss */,
				B3667E341CBC184A00A225F9 /* ofOpenALSoundPlayer_TimelineAdditions */,
				B3667E381CBC184A00A225F9 /* openal */,
				B3667E511CBC184A00A225F9 /* sndfile */,
			);
			name = libs;
			path = ../../../../../addons/ofxTimeline/libs;
			sourceTree = "<group>";
		};
		B3667E2C1CBC184A00A225F9 /* kiss */ = {
			isa = PBXGroup;
			children = (
				B3667E2D1CBC184A00A225F9 /* include */,
				B3667E301CBC184A00A225F9 /* src */,
			);
			path = kiss;
			sourceTree = "<group>";
		};
		B3667E2D1CBC184A00A225F9 /* include */ = {
			isa = PBXGroup;
			children = (
				B3667E2E1CBC184A00A225F9 /* kiss_fft.h */,
				B3667E2F1CBC184A00A225F9 /* kiss_fftr.h */,
			);
			path = include;
			sourceTree = "<group>";
		};
		B3667E301CBC184A00A225F9 /* src */ = {
			isa = PBXGroup;
			children = (
				B3667E311CBC184A00A225F9 /* _kiss_fft_guts.h */,
				B3667E321CBC184A00A225F9 /* kiss_fft.c */,
				B3667E331CBC184A00A225F9 /* kiss_fftr.c */,
			);
			path = src;
			sourceTree = "<group>";
		};
		B3667E341CBC184A00A225F9 /* ofOpenALSoundPlayer_TimelineAdditions */ = {
			isa = PBXGroup;
			children = (
				B3667E351CBC184A00A225F9 /* src */,
			);
			path = ofOpenALSoundPlayer_TimelineAdditions;
			sourceTree = "<group>";
		};
		B3667E351CBC184A00A225F9 /* src */ = {
			isa = PBXGroup;
			children = (
				B3667E361CBC184A00A225F9 /* ofOpenALSoundPlayer_TimelineAdditions.cpp */,
				B3667E371CBC184A00A225F9 /* ofOpenALSoundPlayer_TimelineAdditions.h */,
			);
			path = src;
			sourceTree = "<group>";
		};
		B3667E381CBC184A00A225F9 /* openal */ = {
			isa = PBXGroup;
			children = (
				B3667E391CBC184A00A225F9 /* export */,
				B3667E411CBC184A00A225F9 /* include */,
				B3667E491CBC184A00A225F9 /* lib */,
			);
			path = openal;
			sourceTree = "<group>";
		};
		B3667E391CBC184A00A225F9 /* export */ = {
			isa = PBXGroup;
			children = (
				B3667E3A1CBC184A00A225F9 /* vs */,
			);
			path = export;
			sourceTree = "<group>";
		};
		B3667E3A1CBC184A00A225F9 /* vs */ = {
			isa = PBXGroup;
			children = (
				B3667E3B1CBC184A00A225F9 /* Win32 */,
				B3667E3E1CBC184A00A225F9 /* x64 */,
			);
			path = vs;
			sourceTree = "<group>";
		};
		B3667E3B1CBC184A00A225F9 /* Win32 */ = {
			isa = PBXGroup;
			children = (
				B3667E3C1CBC184A00A225F9 /* OpenAL32.dll */,
				B3667E3D1CBC184A00A225F9 /* soft_oal.dll */,
			);
			path = Win32;
			sourceTree = "<group>";
		};
		B3667E3E1CBC184A00A225F9 /* x64 */ = {
			isa = PBXGroup;
			children = (
				B3667E3F1CBC184A00A225F9 /* OpenAL32.dll */,
				B3667E401CBC184A00A225F9 /* soft_oal.dll */,
			);
			path = x64;
			sourceTree = "<group>";
		};
		B3667E411CBC184A00A225F9 /* include */ = {
			isa = PBXGroup;
			children = (
				B3667E421CBC184A00A225F9 /* AL */,
			);
			path = include;
			sourceTree = "<group>";
		};
		B3667E421CBC184A00A225F9 /* AL */ = {
			isa = PBXGroup;
			children = (
				B3667E431CBC184A00A225F9 /* al.h */,
				B3667E441CBC184A00A225F9 /* alc.h */,
				B3667E451CBC184A00A225F9 /* alext.h */,
				B3667E461CBC184A00A225F9 /* efx-creative.h */,
				B3667E471CBC184A00A225F9 /* efx-presets.h */,
				B3667E481CBC184A00A225F9 /* efx.h */,
			);
			path = AL;
			sourceTree = "<group>";
		};
		B3667E491CBC184A00A225F9 /* lib */ = {
			isa = PBXGroup;
			children = (
				B3667E4A1CBC184A00A225F9 /* osx */,
			);
			path = lib;
			sourceTree = "<group>";
		};
		B3667E4A1CBC184A00A225F9 /* osx */ = {
			isa = PBXGroup;
			children = (
				B3667E4B1CBC184A00A225F9 /* libsndfile.a */,
			);
			path = osx;
			sourceTree = "<group>";
		};
		B3667E511CBC184A00A225F9 /* sndfile */ = {
			isa = PBXGroup;
			children = (
				B3667E521CBC184A00A225F9 /* export */,
				B3667E581CBC184A00A225F9 /* include */,
				B3667E5B1CBC184A00A225F9 /* lib */,
			);
			path = sndfile;
			sourceTree = "<group>";
		};
		B3667E521CBC184A00A225F9 /* export */ = {
			isa = PBXGroup;
			children = (
				B3667E531CBC184A00A225F9 /* vs */,
			);
			path = export;
			sourceTree = "<group>";
		};
		B3667E531CBC184A00A225F9 /* vs */ = {
			isa = PBXGroup;
			children = (
				B3667E541CBC184A00A225F9 /* Win32 */,
				B3667E561CBC184A00A225F9 /* x64 */,
			);
			path = vs;
			sourceTree = "<group>";
		};
		B3667E541CBC184A00A225F9 /* Win32 */ = {
			isa = PBXGroup;
			children = (
				B3667E551CBC184A00A225F9 /* libsndfile-1.dll */,
			);
			path = Win32;
			sourceTree = "<group>";
		};
		B3667E561CBC184A00A225F9 /* x64 */ = {
			isa = PBXGroup;
			children = (
				B3667E571CBC184A00A225F9 /* libsndfile-1.dll */,
			);
			path = x64;
			sourceTree = "<group>";
		};
		B3667E581CBC184A00A225F9 /* include */ = {
			isa = PBXGroup;
			children = (
				B3667E591CBC184A00A225F9 /* sndfile.h */,
				B3667E5A1CBC184A00A225F9 /* sndfile.hh */,
			);
			path = include;
			sourceTree = "<group>";
		};
		B3667E5B1CBC184A00A225F9 /* lib */ = {
			isa = PBXGroup;
			children = (
				B3667E5C1CBC184A00A225F9 /* osx */,
			);
			path = lib;
			sourceTree = "<group>";
		};
		B3667E5C1CBC184A00A225F9 /* osx */ = {
			isa = PBXGroup;
			children = (
			);
			path = osx;
			sourceTree = "<group>";
		};
		B3667E821CBC184A00A225F9 /* ofxXmlSettings */ = {
			isa = PBXGroup;
			children = (
				B3667E831CBC184A00A225F9 /* src */,
				B3667E861CBC184A00A225F9 /* libs */,
			);
			name = ofxXmlSettings;
			sourceTree = "<group>";
		};
		B3667E831CBC184A00A225F9 /* src */ = {
			isa = PBXGroup;
			children = (
				B3667E841CBC184A00A225F9 /* ofxXmlSettings.cpp */,
				B3667E851CBC184A00A225F9 /* ofxXmlSettings.h */,
			);
			name = src;
			path = ../../../../../addons/ofxXmlSettings/src;
			sourceTree = "<group>";
		};
		B3667E861CBC184A00A225F9 /* libs */ = {
			isa = PBXGroup;
			children = (
				B3667E871CBC184A00A225F9 /* tinyxml.cpp */,
				B3667E881CBC184A00A225F9 /* tinyxml.h */,
				B3667E891CBC184A00A225F9 /* tinyxmlerror.cpp */,
				B3667E8A1CBC184A00A225F9 /* tinyxmlparser.cpp */,
			);
			name = libs;
			path = ../../../../../addons/ofxXmlSettings/libs;
			sourceTree = "<group>";
		};
		B3667E8F1CBC184A00A225F9 /* ofxTween */ = {
			isa = PBXGroup;
			children = (
				B3667E901CBC184A00A225F9 /* src */,
			);
			name = ofxTween;
			sourceTree = "<group>";
		};
		B3667E901CBC184A00A225F9 /* src */ = {
			isa = PBXGroup;
			children = (
				B3667E911CBC184A00A225F9 /* Easings */,
				B3667EAB1CBC184A00A225F9 /* ofxTween.cpp */,
				B3667EAC1CBC184A00A225F9 /* ofxTween.h */,
			);
			name = src;
			path = ../../../../../addons/ofxTween/src;
			sourceTree = "<group>";
		};
		B3667E911CBC184A00A225F9 /* Easings */ = {
			isa = PBXGroup;
			children = (
				B3667E921CBC184A00A225F9 /* easing_terms_of_use.html */,
				B3667E931CBC184A00A225F9 /* ofxEasing.cpp */,
				B3667E941CBC184A00A225F9 /* ofxEasing.h */,
				B3667E951CBC184A00A225F9 /* ofxEasingBack.cpp */,
				B3667E961CBC184A00A225F9 /* ofxEasingBack.h */,
				B3667E971CBC184A00A225F9 /* ofxEasingBounce.cpp */,
				B3667E981CBC184A00A225F9 /* ofxEasingBounce.h */,
				B3667E991CBC184A00A225F9 /* ofxEasingCirc.cpp */,
				B3667E9A1CBC184A00A225F9 /* ofxEasingCirc.h */,
				B3667E9B1CBC184A00A225F9 /* ofxEasingCubic.cpp */,
				B3667E9C1CBC184A00A225F9 /* ofxEasingCubic.h */,
				B3667E9D1CBC184A00A225F9 /* ofxEasingElastic.cpp */,
				B3667E9E1CBC184A00A225F9 /* ofxEasingElastic.h */,
				B3667E9F1CBC184A00A225F9 /* ofxEasingExpo.cpp */,
				B3667EA01CBC184A00A225F9 /* ofxEasingExpo.h */,
				B3667EA11CBC184A00A225F9 /* ofxEasingLinear.cpp */,
				B3667EA21CBC184A00A225F9 /* ofxEasingLinear.h */,
				B3667EA31CBC184A00A225F9 /* ofxEasingQuad.cpp */,
				B3667EA41CBC184A00A225F9 /* ofxEasingQuad.h */,
				B3667EA51CBC184A00A225F9 /* ofxEasingQuart.cpp */,
				B3667EA61CBC184A00A225F9 /* ofxEasingQuart.h */,
				B3667EA71CBC184A00A225F9 /* ofxEasingQuint.cpp */,
				B3667EA81CBC184A00A225F9 /* ofxEasingQuint.h */,
				B3667EA91CBC184A00A225F9 /* ofxEasingSine.cpp */,
				B3667EAA1CBC184A00A225F9 /* ofxEasingSine.h */,
			);
			path = Easings;
			sourceTree = "<group>";
		};
		B3667EBA1CBC184A00A225F9 /* ofxRange */ = {
			isa = PBXGroup;
			children = (
				B3667EBB1CBC184A00A225F9 /* src */,
			);
			name = ofxRange;
			sourceTree = "<group>";
		};
		B3667EBB1CBC184A00A225F9 /* src */ = {
			isa = PBXGroup;
			children = (
				B3667EBC1CBC184A00A225F9 /* ofRange.h */,
			);
			name = src;
			path = ../../../../../addons/ofxRange/src;
			sourceTree = "<group>";
		};
		B3667EBD1CBC184A00A225F9 /* ofxMSATimer */ = {
			isa = PBXGroup;
			children = (
				B3667EBE1CBC184A00A225F9 /* src */,
			);
			name = ofxMSATimer;
			sourceTree = "<group>";
		};
		B3667EBE1CBC184A00A225F9 /* src */ = {
			isa = PBXGroup;
			children = (
				B3667EBF1CBC184A00A225F9 /* ofxMSATimer.cpp */,
				B3667EC01CBC184A00A225F9 /* ofxMSATimer.h */,
			);
			name = src;
			path = ../../../../../addons/ofxMSATimer/src;
			sourceTree = "<group>";
		};
		B3667EC21CBC184A00A225F9 /* ofxTimecode */ = {
			isa = PBXGroup;
			children = (
				B3667EC31CBC184A00A225F9 /* src */,
			);
			name = ofxTimecode;
			sourceTree = "<group>";
		};
		B3667EC31CBC184A00A225F9 /* src */ = {
			isa = PBXGroup;
			children = (
				B3667EC41CBC184A00A225F9 /* ofxTimecode.cpp */,
				B3667EC51CBC184A00A225F9 /* ofxTimecode.h */,
			);
			name = src;
			path = ../../../../../addons/ofxTimecode/src;
			sourceTree = "<group>";
		};
		B3667EC71CBC184A00A225F9 /* ofxTextInputField */ = {
			isa = PBXGroup;
			children = (
				B3667EC81CBC184A00A225F9 /* src */,
			);
			name = ofxTextInputField;
			sourceTree = "<group>";
		};
		B3667EC81CBC184A00A225F9 /* src */ = {
			isa = PBXGroup;
			children = (
				B3667EC91CBC184A00A225F9 /* ofxTextInputField.cpp */,
				B3667ECA1CBC184A00A225F9 /* ofxTextInputField.h */,
				B3667ECB1CBC184A00A225F9 /* ofxTextInputFieldFontRenderer.h */,
			);
			name = src;
			path = ../../../../../addons/ofxTextInputField/src;
			sourceTree = "<group>";
		};
		B3667EE41CBC1A3400A225F9 /* ofxAudioDecoder */ = {
			isa = PBXGroup;
			children = (
				B3667EE51CBC1A3400A225F9 /* src */,
				B3667EE81CBC1A3400A225F9 /* libs */,
			);
			name = ofxAudioDecoder;
			sourceTree = "<group>";
		};
		B3667EE51CBC1A3400A225F9 /* src */ = {
			isa = PBXGroup;
			children = (
				B3667EE61CBC1A3400A225F9 /* ofxAudioDecoder.cpp */,
				B3667EE71CBC1A3400A225F9 /* ofxAudioDecoder.h */,
			);
			name = src;
			path = ../../../../../addons/ofxAudioDecoder/src;
			sourceTree = "<group>";
		};
		B3667EE81CBC1A3400A225F9 /* libs */ = {
			isa = PBXGroup;
			children = (
				B3667EE91CBC1A3400A225F9 /* audiodecoder */,
			);
			name = libs;
			path = ../../../../../addons/ofxAudioDecoder/libs;
			sourceTree = "<group>";
		};
		B3667EE91CBC1A3400A225F9 /* audiodecoder */ = {
			isa = PBXGroup;
			children = (
				B3667EEA1CBC1A3400A225F9 /* include */,
				B3667EF21CBC1A3400A225F9 /* src */,
			);
			path = audiodecoder;
			sourceTree = "<group>";
		};
		B3667EEA1CBC1A3400A225F9 /* include */ = {
			isa = PBXGroup;
			children = (
				B3667EEB1CBC1A3400A225F9 /* Apple */,
				B3667EEE1CBC1A3400A225F9 /* audiodecoder.h */,
				B3667EEF1CBC1A3400A225F9 /* audiodecoderbase.h */,
				B3667EF01CBC1A3400A225F9 /* audiodecodercoreaudio.h */,
			);
			path = include;
			sourceTree = "<group>";
		};
		B3667EEB1CBC1A3400A225F9 /* Apple */ = {
			isa = PBXGroup;
			children = (
				B3667EEC1CBC1A3400A225F9 /* CADebugMacros.h */,
				B3667EED1CBC1A3400A225F9 /* CAStreamBasicDescription.h */,
			);
			path = Apple;
			sourceTree = "<group>";
		};
		B3667EF21CBC1A3400A225F9 /* src */ = {
			isa = PBXGroup;
			children = (
				B3667EF31CBC1A3400A225F9 /* audiodecoderbase.cpp */,
				B3667EF41CBC1A3400A225F9 /* audiodecodercoreaudio.cpp */,
			);
			path = src;
			sourceTree = "<group>";
		};
		B3B0EE021CB40C6C002F2B61 /* shaders */ = {
			isa = PBXGroup;
			children = (
				B3B2F0761CB5753500FF25C3 /* instancedRad.frag */,
				B3B2F0771CB5753500FF25C3 /* instancedRad.vert */,
			);
			name = shaders;
			sourceTree = "<group>";
		};
		BB4B014C10F69532006C3DED /* addons */ = {
			isa = PBXGroup;
			children = (
				B3667DBC1CBC00CF00A225F9 /* ofxGui */,
				B3667DF01CBC184A00A225F9 /* ofxTimeline */,
				B3667E821CBC184A00A225F9 /* ofxXmlSettings */,
				B3667E8F1CBC184A00A225F9 /* ofxTween */,
				B3667EBA1CBC184A00A225F9 /* ofxRange */,
				B3667EBD1CBC184A00A225F9 /* ofxMSATimer */,
				B3667EC21CBC184A00A225F9 /* ofxTimecode */,
				B3667EC71CBC184A00A225F9 /* ofxTextInputField */,
				B3667EE41CBC1A3400A225F9 /* ofxAudioDecoder */,
				B34C9FFB1CBE931000788684 /* ofxFisheye */,
				B34CA0031CBE931200788684 /* ofxVideoRecorder */,
			);
			name = addons;
			sourceTree = "<group>";
		};
		E4B69B4A0A3A1720003C02F2 = {
			isa = PBXGroup;
			children = (
				B3667EFA1CBC1A4700A225F9 /* OpenAL.framework */,
				E4B6FCAD0C3E899E008CF71C /* openFrameworks-Info.plist */,
				E4EB6923138AFD0F00A09F29 /* Project.xcconfig */,
				B3B0EE021CB40C6C002F2B61 /* shaders */,
				E4B69E1C0A3A1BDC003C02F2 /* src */,
				E4EEC9E9138DF44700A80321 /* openFrameworks */,
				BB4B014C10F69532006C3DED /* addons */,
				6948EE371B920CB800B5AC1A /* local_addons */,
				E4B69B5B0A3A1756003C02F2 /* videoTest_2Debug.app */,
			);
			sourceTree = "<group>";
		};
		E4B69E1C0A3A1BDC003C02F2 /* src */ = {
			isa = PBXGroup;
			children = (
				B307B0891CBFD53200C42903 /* common classes */,
				B3667F141CBC208E00A225F9 /* TimelineApp.cpp */,
				B3667F151CBC208E00A225F9 /* TimelineApp.h */,
				B3B2F06E1CB54A1500FF25C3 /* instancedManager.cpp */,
				B3B2F06F1CB54A1500FF25C3 /* instancedManager.h */,
				E4B69E1D0A3A1BDC003C02F2 /* main.cpp */,
				E4B69E1E0A3A1BDC003C02F2 /* ofApp.cpp */,
				E4B69E1F0A3A1BDC003C02F2 /* ofApp.h */,
				B34C9FE61CBE8B7500788684 /* GuiManager.cpp */,
				B34C9FE71CBE8B7500788684 /* GuiManager.h */,
				B34CA00F1CBE99BF00788684 /* Constants.h */,
			);
			path = src;
			sourceTree = SOURCE_ROOT;
		};
		E4EEC9E9138DF44700A80321 /* openFrameworks */ = {
			isa = PBXGroup;
			children = (
				B3667DB21CBC009B00A225F9 /* CoreOF.xcconfig */,
				B3667DB31CBC009B00A225F9 /* openFrameworksLib.xcodeproj */,
			);
			name = openFrameworks;
			sourceTree = "<group>";
		};
/* End PBXGroup section */

/* Begin PBXNativeTarget section */
		E4B69B5A0A3A1756003C02F2 /* videoTest_2 */ = {
			isa = PBXNativeTarget;
			buildConfigurationList = E4B69B5F0A3A1757003C02F2 /* Build configuration list for PBXNativeTarget "videoTest_2" */;
			buildPhases = (
				E4B69B580A3A1756003C02F2 /* Sources */,
				E4B69B590A3A1756003C02F2 /* Frameworks */,
				E4B6FFFD0C3F9AB9008CF71C /* ShellScript */,
				E4C2427710CC5ABF004149E2 /* CopyFiles */,
			);
			buildRules = (
			);
			dependencies = (
				B3667DBA1CBC00A400A225F9 /* PBXTargetDependency */,
			);
			name = videoTest_2;
			productName = myOFApp;
			productReference = E4B69B5B0A3A1756003C02F2 /* videoTest_2Debug.app */;
			productType = "com.apple.product-type.application";
		};
/* End PBXNativeTarget section */

/* Begin PBXProject section */
		E4B69B4C0A3A1720003C02F2 /* Project object */ = {
			isa = PBXProject;
			attributes = {
				LastUpgradeCheck = 0600;
			};
			buildConfigurationList = E4B69B4D0A3A1720003C02F2 /* Build configuration list for PBXProject "videoTest_2" */;
			compatibilityVersion = "Xcode 3.2";
			developmentRegion = English;
			hasScannedForEncodings = 0;
			knownRegions = (
				English,
				Japanese,
				French,
				German,
			);
			mainGroup = E4B69B4A0A3A1720003C02F2;
			productRefGroup = E4B69B4A0A3A1720003C02F2;
			projectDirPath = "";
			projectReferences = (
				{
					ProductGroup = B3667DB41CBC009B00A225F9 /* Products */;
					ProjectRef = B3667DB31CBC009B00A225F9 /* openFrameworksLib.xcodeproj */;
				},
			);
			projectRoot = "";
			targets = (
				E4B69B5A0A3A1756003C02F2 /* videoTest_2 */,
			);
		};
/* End PBXProject section */

/* Begin PBXReferenceProxy section */
		B3667DB81CBC009B00A225F9 /* openFrameworksDebug.a */ = {
			isa = PBXReferenceProxy;
			fileType = archive.ar;
			path = openFrameworksDebug.a;
			remoteRef = B3667DB71CBC009B00A225F9 /* PBXContainerItemProxy */;
			sourceTree = BUILT_PRODUCTS_DIR;
		};
/* End PBXReferenceProxy section */

/* Begin PBXShellScriptBuildPhase section */
		E4B6FFFD0C3F9AB9008CF71C /* ShellScript */ = {
			isa = PBXShellScriptBuildPhase;
			buildActionMask = 2147483647;
			files = (
			);
			inputPaths = (
			);
			outputPaths = (
			);
			runOnlyForDeploymentPostprocessing = 0;
			shellPath = /bin/sh;
			shellScript = "rsync -aved ../../../../../libs/fmodex/lib/osx/libfmodex.dylib \"$TARGET_BUILD_DIR/$PRODUCT_NAME.app/Contents/MacOS/\"; install_name_tool -change ./libfmodex.dylib @executable_path/libfmodex.dylib \"$TARGET_BUILD_DIR/$PRODUCT_NAME.app/Contents/MacOS/$PRODUCT_NAME\";\nmkdir -p \"$TARGET_BUILD_DIR/$PRODUCT_NAME.app/Contents/Resources/\"\nrsync -aved \"$ICON_FILE\" \"$TARGET_BUILD_DIR/$PRODUCT_NAME.app/Contents/Resources/\"\nrsync -aved ../../../../../libs/glut/lib/osx/GLUT.framework \"$TARGET_BUILD_DIR/$PRODUCT_NAME.app/Contents/Frameworks/\"\n";
		};
/* End PBXShellScriptBuildPhase section */

/* Begin PBXSourcesBuildPhase section */
		E4B69B580A3A1756003C02F2 /* Sources */ = {
			isa = PBXSourcesBuildPhase;
			buildActionMask = 2147483647;
			files = (
				B3667E7A1CBC184A00A225F9 /* ofxTLVideoThumb.cpp in Sources */,
				B3667E8C1CBC184A00A225F9 /* tinyxml.cpp in Sources */,
				B3667E621CBC184A00A225F9 /* ofxHotKeys_impl_win.cpp in Sources */,
				B3667E751CBC184A00A225F9 /* ofxTLPageTabs.cpp in Sources */,
				B3667E701CBC184A00A225F9 /* ofxTLImageTrack.cpp in Sources */,
				B3667EF81CBC1A3400A225F9 /* audiodecodercoreaudio.cpp in Sources */,
				B3667E8E1CBC184A00A225F9 /* tinyxmlparser.cpp in Sources */,
				B3667EB31CBC184A00A225F9 /* ofxEasingExpo.cpp in Sources */,
				B3667EAF1CBC184A00A225F9 /* ofxEasingBounce.cpp in Sources */,
				B34CA00D1CBE949A00788684 /* ImageSaverThread.cpp in Sources */,
				B3667EB61CBC184A00A225F9 /* ofxEasingQuart.cpp in Sources */,
				B3667EB81CBC184A00A225F9 /* ofxEasingSine.cpp in Sources */,
				B3667E731CBC184A00A225F9 /* ofxTLLFO.cpp in Sources */,
				B3667DD61CBC00CF00A225F9 /* ofxToggle.cpp in Sources */,
				B3667E8B1CBC184A00A225F9 /* ofxXmlSettings.cpp in Sources */,
				B3667EB91CBC184A00A225F9 /* ofxTween.cpp in Sources */,
				B3667DD51CBC00CF00A225F9 /* ofxSliderGroup.cpp in Sources */,
				B34CA0021CBE931000788684 /* ofxFisheye.cpp in Sources */,
				B3667E7F1CBC184A00A225F9 /* ofOpenALSoundPlayer_TimelineAdditions.cpp in Sources */,
				B3667EB21CBC184A00A225F9 /* ofxEasingElastic.cpp in Sources */,
				B3667EB41CBC184A00A225F9 /* ofxEasingLinear.cpp in Sources */,
				B3667DCF1CBC00CF00A225F9 /* ofxBaseGui.cpp in Sources */,
				B3667E761CBC184A00A225F9 /* ofxTLSwitches.cpp in Sources */,
				B3667E641CBC184A00A225F9 /* ofxTimeline.cpp in Sources */,
				B3667E7D1CBC184A00A225F9 /* kiss_fft.c in Sources */,
				B3667E781CBC184A00A225F9 /* ofxTLTrack.cpp in Sources */,
				B3667DD41CBC00CF00A225F9 /* ofxSlider.cpp in Sources */,
				B3667E741CBC184A00A225F9 /* ofxTLPage.cpp in Sources */,
				B3667E721CBC184A00A225F9 /* ofxTLKeyframes.cpp in Sources */,
				B3667EB01CBC184A00A225F9 /* ofxEasingCirc.cpp in Sources */,
				B3667ECC1CBC184A00A225F9 /* ofxTextInputField.cpp in Sources */,
				B3667E7B1CBC184A00A225F9 /* ofxTLVideoTrack.cpp in Sources */,
				B3667E6E1CBC184A00A225F9 /* ofxTLImageSequence.cpp in Sources */,
				B3667E8D1CBC184A00A225F9 /* tinyxmlerror.cpp in Sources */,
				B3667E711CBC184A00A225F9 /* ofxTLInOut.cpp in Sources */,
				B3667E6B1CBC184A00A225F9 /* ofxTLEmptyKeyframes.cpp in Sources */,
				B3667E6F1CBC184A00A225F9 /* ofxTLImageSequenceFrame.cpp in Sources */,
				B3667DD11CBC00CF00A225F9 /* ofxGuiGroup.cpp in Sources */,
				B3667E6D1CBC184A00A225F9 /* ofxTLFlags.cpp in Sources */,
				B3667E611CBC184A00A225F9 /* ofxHotKeys_impl_mac.mm in Sources */,
				B3667E651CBC184A00A225F9 /* ofxTLAudioTrack.cpp in Sources */,
				B34C9FE81CBE8B7500788684 /* GuiManager.cpp in Sources */,
				B3667EC61CBC184A00A225F9 /* ofxTimecode.cpp in Sources */,
				B3667DD31CBC00CF00A225F9 /* ofxPanel.cpp in Sources */,
				B34CA0071CBE931200788684 /* ofxVideoRecorder.cpp in Sources */,
				E4B69E200A3A1BDC003C02F2 /* main.cpp in Sources */,
				B3667E7C1CBC184A00A225F9 /* ofxTLZoomer.cpp in Sources */,
				B3667E691CBC184A00A225F9 /* ofxTLColorTrack.cpp in Sources */,
				B3667E681CBC184A00A225F9 /* ofxTLColors.cpp in Sources */,
				B3667EF71CBC1A3400A225F9 /* audiodecoderbase.cpp in Sources */,
				B3667EAD1CBC184A00A225F9 /* ofxEasing.cpp in Sources */,
				B3667E661CBC184A00A225F9 /* ofxTLBangs.cpp in Sources */,
				B34CA00A1CBE934700788684 /* VideoRenderer.cpp in Sources */,
				B3667EB51CBC184A00A225F9 /* ofxEasingQuad.cpp in Sources */,
				E4B69E210A3A1BDC003C02F2 /* ofApp.cpp in Sources */,
				B3667DD21CBC00CF00A225F9 /* ofxLabel.cpp in Sources */,
				B3667E671CBC184A00A225F9 /* ofxTLCameraTrack.cpp in Sources */,
				B3667EB11CBC184A00A225F9 /* ofxEasingCubic.cpp in Sources */,
				B3667EAE1CBC184A00A225F9 /* ofxEasingBack.cpp in Sources */,
				B3667E6A1CBC184A00A225F9 /* ofxTLCurves.cpp in Sources */,
				B3B2F0701CB54A1500FF25C3 /* instancedManager.cpp in Sources */,
				B3667EB71CBC184A00A225F9 /* ofxEasingQuint.cpp in Sources */,
				B3667E771CBC184A00A225F9 /* ofxTLTicker.cpp in Sources */,
				B3667E631CBC184A00A225F9 /* ofxRemoveCocoaMenu.mm in Sources */,
				B3667EF61CBC1A3400A225F9 /* ofxAudioDecoder.cpp in Sources */,
				B3667EC11CBC184A00A225F9 /* ofxMSATimer.cpp in Sources */,
				B3667E6C1CBC184A00A225F9 /* ofxTLEmptyTrack.cpp in Sources */,
				B3667F161CBC208E00A225F9 /* TimelineApp.cpp in Sources */,
				B3667E601CBC184A00A225F9 /* ofxHotKeys_impl_linux.cpp in Sources */,
				B3667E791CBC184A00A225F9 /* ofxTLTrackHeader.cpp in Sources */,
				B3667DD01CBC00CF00A225F9 /* ofxButton.cpp in Sources */,
				B3667E7E1CBC184A00A225F9 /* kiss_fftr.c in Sources */,
			);
			runOnlyForDeploymentPostprocessing = 0;
		};
/* End PBXSourcesBuildPhase section */

/* Begin PBXTargetDependency section */
		B3667DBA1CBC00A400A225F9 /* PBXTargetDependency */ = {
			isa = PBXTargetDependency;
			name = openFrameworks;
			targetProxy = B3667DB91CBC00A400A225F9 /* PBXContainerItemProxy */;
		};
/* End PBXTargetDependency section */

/* Begin XCBuildConfiguration section */
		E4B69B4E0A3A1720003C02F2 /* Debug */ = {
			isa = XCBuildConfiguration;
			baseConfigurationReference = E4EB6923138AFD0F00A09F29 /* Project.xcconfig */;
			buildSettings = {
				CONFIGURATION_BUILD_DIR = "$(SRCROOT)/bin/";
				COPY_PHASE_STRIP = NO;
				DEAD_CODE_STRIPPING = YES;
				GCC_AUTO_VECTORIZATION = YES;
				GCC_ENABLE_SSE3_EXTENSIONS = YES;
				GCC_ENABLE_SUPPLEMENTAL_SSE3_INSTRUCTIONS = YES;
				GCC_INLINES_ARE_PRIVATE_EXTERN = NO;
				GCC_OPTIMIZATION_LEVEL = 0;
				GCC_SYMBOLS_PRIVATE_EXTERN = NO;
				GCC_WARN_ABOUT_DEPRECATED_FUNCTIONS = YES;
				GCC_WARN_ABOUT_INVALID_OFFSETOF_MACRO = NO;
				GCC_WARN_ALLOW_INCOMPLETE_PROTOCOL = NO;
				GCC_WARN_UNINITIALIZED_AUTOS = NO;
				GCC_WARN_UNUSED_VALUE = NO;
				GCC_WARN_UNUSED_VARIABLE = NO;
				MACOSX_DEPLOYMENT_TARGET = 10.8;
				ONLY_ACTIVE_ARCH = YES;
				OTHER_CPLUSPLUSFLAGS = (
					"-D__MACOSX_CORE__",
					"-mtune=native",
				);
				SDKROOT = macosx;
			};
			name = Debug;
		};
		E4B69B4F0A3A1720003C02F2 /* Release */ = {
			isa = XCBuildConfiguration;
			baseConfigurationReference = E4EB6923138AFD0F00A09F29 /* Project.xcconfig */;
			buildSettings = {
				CONFIGURATION_BUILD_DIR = "$(SRCROOT)/bin/";
				COPY_PHASE_STRIP = YES;
				DEAD_CODE_STRIPPING = YES;
				GCC_AUTO_VECTORIZATION = YES;
				GCC_ENABLE_SSE3_EXTENSIONS = YES;
				GCC_ENABLE_SUPPLEMENTAL_SSE3_INSTRUCTIONS = YES;
				GCC_INLINES_ARE_PRIVATE_EXTERN = NO;
				GCC_OPTIMIZATION_LEVEL = 3;
				GCC_SYMBOLS_PRIVATE_EXTERN = NO;
				GCC_UNROLL_LOOPS = YES;
				GCC_WARN_ABOUT_DEPRECATED_FUNCTIONS = YES;
				GCC_WARN_ABOUT_INVALID_OFFSETOF_MACRO = NO;
				GCC_WARN_ALLOW_INCOMPLETE_PROTOCOL = NO;
				GCC_WARN_UNINITIALIZED_AUTOS = NO;
				GCC_WARN_UNUSED_VALUE = NO;
				GCC_WARN_UNUSED_VARIABLE = NO;
				MACOSX_DEPLOYMENT_TARGET = 10.8;
				OTHER_CPLUSPLUSFLAGS = (
					"-D__MACOSX_CORE__",
					"-mtune=native",
				);
				SDKROOT = macosx;
			};
			name = Release;
		};
		E4B69B600A3A1757003C02F2 /* Debug */ = {
			isa = XCBuildConfiguration;
			baseConfigurationReference = E4EB6923138AFD0F00A09F29 /* Project.xcconfig */;
			buildSettings = {
				COMBINE_HIDPI_IMAGES = YES;
				COPY_PHASE_STRIP = NO;
				FRAMEWORK_SEARCH_PATHS = (
					"$(inherited)",
					"$(FRAMEWORK_SEARCH_PATHS_QUOTED_FOR_TARGET_1)",
				);
				FRAMEWORK_SEARCH_PATHS_QUOTED_FOR_TARGET_1 = "\"$(SRCROOT)/../../../../libs/glut/lib/osx\"";
				GCC_DYNAMIC_NO_PIC = NO;
				GCC_GENERATE_DEBUGGING_SYMBOLS = YES;
				GCC_MODEL_TUNING = NONE;
				ICON = "$(ICON_NAME_DEBUG)";
				ICON_FILE = "$(ICON_FILE_PATH)$(ICON)";
				INFOPLIST_FILE = "openFrameworks-Info.plist";
				INSTALL_PATH = "$(HOME)/Applications";
				LIBRARY_SEARCH_PATHS = "$(inherited)";
				PRODUCT_NAME = videoTest_2Debug;
				USER_HEADER_SEARCH_PATHS = "../../../../../addons/ofxAudioDecoder/libs/audiodecoder/include/Apple ../../../../../addons/ofxTimeline/libs/kiss/include/ ../../../../../addons/ofxTimeline/libs/sndfile/include/ ../../../../../addons/ofxTimeline/libs/openal/include/ ../../../../../addons/ofxAudioDecoder/libs/audiodecoder/include/";
				WRAPPER_EXTENSION = app;
			};
			name = Debug;
		};
		E4B69B610A3A1757003C02F2 /* Release */ = {
			isa = XCBuildConfiguration;
			baseConfigurationReference = E4EB6923138AFD0F00A09F29 /* Project.xcconfig */;
			buildSettings = {
				COMBINE_HIDPI_IMAGES = YES;
				COPY_PHASE_STRIP = YES;
				FRAMEWORK_SEARCH_PATHS = (
					"$(inherited)",
					"$(FRAMEWORK_SEARCH_PATHS_QUOTED_FOR_TARGET_1)",
				);
				FRAMEWORK_SEARCH_PATHS_QUOTED_FOR_TARGET_1 = "\"$(SRCROOT)/../../../../libs/glut/lib/osx\"";
				GCC_GENERATE_DEBUGGING_SYMBOLS = YES;
				GCC_MODEL_TUNING = NONE;
				ICON = "$(ICON_NAME_RELEASE)";
				ICON_FILE = "$(ICON_FILE_PATH)$(ICON)";
				INFOPLIST_FILE = "openFrameworks-Info.plist";
				INSTALL_PATH = "$(HOME)/Applications";
				LIBRARY_SEARCH_PATHS = "$(inherited)";
				PRODUCT_NAME = videoTest_2Debug;
				USER_HEADER_SEARCH_PATHS = "../../../../../addons/ofxAudioDecoder/libs/audiodecoder/include/Apple ../../../../../addons/ofxTimeline/libs/kiss/include/ ../../../../../addons/ofxTimeline/libs/sndfile/include/ ../../../../../addons/ofxTimeline/libs/openal/include/ ../../../../../addons/ofxAudioDecoder/libs/audiodecoder/include/";
				WRAPPER_EXTENSION = app;
				baseConfigurationReference = E4EB6923138AFD0F00A09F29;
			};
			name = Release;
		};
/* End XCBuildConfiguration section */

/* Begin XCConfigurationList section */
		E4B69B4D0A3A1720003C02F2 /* Build configuration list for PBXProject "videoTest_2" */ = {
			isa = XCConfigurationList;
			buildConfigurations = (
				E4B69B4E0A3A1720003C02F2 /* Debug */,
				E4B69B4F0A3A1720003C02F2 /* Release */,
			);
			defaultConfigurationIsVisible = 0;
			defaultConfigurationName = Release;
		};
		E4B69B5F0A3A1757003C02F2 /* Build configuration list for PBXNativeTarget "videoTest_2" */ = {
			isa = XCConfigurationList;
			buildConfigurations = (
				E4B69B600A3A1757003C02F2 /* Debug */,
				E4B69B610A3A1757003C02F2 /* Release */,
			);
			defaultConfigurationIsVisible = 0;
			defaultConfigurationName = Release;
		};
/* End XCConfigurationList section */
	};
	rootObject = E4B69B4C0A3A1720003C02F2 /* Project object */;
}
