// !$*UTF8*$!
{
	archiveVersion = 1;
	classes = {
	};
	objectVersion = 46;
	objects = {

/* Begin PBXBuildFile section */
		A443D15E1C52EEB200CF62D8 /* ImageSaverThread.cpp in Sources */ = {isa = PBXBuildFile; fileRef = A443D15A1C52EEB200CF62D8 /* ImageSaverThread.cpp */; };
		A443D15F1C52EEB200CF62D8 /* VideoRenderer.cpp in Sources */ = {isa = PBXBuildFile; fileRef = A443D15C1C52EEB200CF62D8 /* VideoRenderer.cpp */; };
		A443D1761C52EEC500CF62D8 /* ofxDomemaster.cpp in Sources */ = {isa = PBXBuildFile; fileRef = A443D1651C52EEC500CF62D8 /* ofxDomemaster.cpp */; };
		A443D1771C52EEC500CF62D8 /* ofxFisheye.cpp in Sources */ = {isa = PBXBuildFile; fileRef = A443D16D1C52EEC500CF62D8 /* ofxFisheye.cpp */; };
		A443D1781C52EEC500CF62D8 /* ofxVideoRecorder.cpp in Sources */ = {isa = PBXBuildFile; fileRef = A443D1741C52EEC500CF62D8 /* ofxVideoRecorder.cpp */; };
		B3667D871CBBFCE700A225F9 /* openFrameworksDebug.a in Frameworks */ = {isa = PBXBuildFile; fileRef = B3667D841CBBFCC400A225F9 /* openFrameworksDebug.a */; };
		E4B69E200A3A1BDC003C02F2 /* main.cpp in Sources */ = {isa = PBXBuildFile; fileRef = E4B69E1D0A3A1BDC003C02F2 /* main.cpp */; };
		E4B69E210A3A1BDC003C02F2 /* ofApp.cpp in Sources */ = {isa = PBXBuildFile; fileRef = E4B69E1E0A3A1BDC003C02F2 /* ofApp.cpp */; };
/* End PBXBuildFile section */

/* Begin PBXContainerItemProxy section */
		B3667D831CBBFCC400A225F9 /* PBXContainerItemProxy */ = {
			isa = PBXContainerItemProxy;
			containerPortal = B3667D7F1CBBFCC400A225F9 /* openFrameworksLib.xcodeproj */;
			proxyType = 2;
			remoteGlobalIDString = E4B27C1510CBEB8E00536013;
			remoteInfo = openFrameworks;
		};
		B3667D851CBBFCE200A225F9 /* PBXContainerItemProxy */ = {
			isa = PBXContainerItemProxy;
			containerPortal = B3667D7F1CBBFCC400A225F9 /* openFrameworksLib.xcodeproj */;
			proxyType = 1;
			remoteGlobalIDString = E4B27C1410CBEB8E00536013;
			remoteInfo = openFrameworks;
		};
/* End PBXContainerItemProxy section */

/* Begin PBXCopyFilesBuildPhase section */
		E4C2427710CC5ABF004149E2 /* CopyFiles */ = {
			isa = PBXCopyFilesBuildPhase;
			buildActionMask = 2147483647;
			dstPath = "";
			dstSubfolderSpec = 10;
			files = (
			);
			runOnlyForDeploymentPostprocessing = 0;
		};
/* End PBXCopyFilesBuildPhase section */

/* Begin PBXFileReference section */
		A443D15A1C52EEB200CF62D8 /* ImageSaverThread.cpp */ = {isa = PBXFileReference; fileEncoding = 4; lastKnownFileType = sourcecode.cpp.cpp; path = ImageSaverThread.cpp; sourceTree = "<group>"; };
		A443D15B1C52EEB200CF62D8 /* ImageSaverThread.h */ = {isa = PBXFileReference; fileEncoding = 4; lastKnownFileType = sourcecode.c.h; path = ImageSaverThread.h; sourceTree = "<group>"; };
		A443D15C1C52EEB200CF62D8 /* VideoRenderer.cpp */ = {isa = PBXFileReference; fileEncoding = 4; lastKnownFileType = sourcecode.cpp.cpp; path = VideoRenderer.cpp; sourceTree = "<group>"; };
		A443D15D1C52EEB200CF62D8 /* VideoRenderer.h */ = {isa = PBXFileReference; fileEncoding = 4; lastKnownFileType = sourcecode.c.h; path = VideoRenderer.h; sourceTree = "<group>"; };
		A443D1621C52EEC500CF62D8 /* LICENSE */ = {isa = PBXFileReference; fileEncoding = 4; lastKnownFileType = text; path = LICENSE; sourceTree = "<group>"; };
		A443D1631C52EEC500CF62D8 /* README.md */ = {isa = PBXFileReference; fileEncoding = 4; lastKnownFileType = text; path = README.md; sourceTree = "<group>"; };
		A443D1651C52EEC500CF62D8 /* ofxDomemaster.cpp */ = {isa = PBXFileReference; fileEncoding = 4; lastKnownFileType = sourcecode.cpp.cpp; path = ofxDomemaster.cpp; sourceTree = "<group>"; };
		A443D1661C52EEC500CF62D8 /* ofxDomemaster.h */ = {isa = PBXFileReference; fileEncoding = 4; lastKnownFileType = sourcecode.c.h; path = ofxDomemaster.h; sourceTree = "<group>"; };
		A443D1681C52EEC500CF62D8 /* README.md */ = {isa = PBXFileReference; fileEncoding = 4; lastKnownFileType = text; path = README.md; sourceTree = "<group>"; };
		A443D16A1C52EEC500CF62D8 /* fxBarrelDist.h */ = {isa = PBXFileReference; fileEncoding = 4; lastKnownFileType = sourcecode.c.h; path = fxBarrelDist.h; sourceTree = "<group>"; };
		A443D16B1C52EEC500CF62D8 /* fxFixFisheye.h */ = {isa = PBXFileReference; fileEncoding = 4; lastKnownFileType = sourcecode.c.h; path = fxFixFisheye.h; sourceTree = "<group>"; };
		A443D16C1C52EEC500CF62D8 /* fxVariableFisheye.h */ = {isa = PBXFileReference; fileEncoding = 4; lastKnownFileType = sourcecode.c.h; path = fxVariableFisheye.h; sourceTree = "<group>"; };
		A443D16D1C52EEC500CF62D8 /* ofxFisheye.cpp */ = {isa = PBXFileReference; fileEncoding = 4; lastKnownFileType = sourcecode.cpp.cpp; path = ofxFisheye.cpp; sourceTree = "<group>"; };
		A443D16E1C52EEC500CF62D8 /* ofxFisheye.h */ = {isa = PBXFileReference; fileEncoding = 4; lastKnownFileType = sourcecode.c.h; path = ofxFisheye.h; sourceTree = "<group>"; };
		A443D1701C52EEC500CF62D8 /* License.md */ = {isa = PBXFileReference; fileEncoding = 4; lastKnownFileType = text; path = License.md; sourceTree = "<group>"; };
		A443D1711C52EEC500CF62D8 /* ofxaddons_thumbnail.png */ = {isa = PBXFileReference; lastKnownFileType = image.png; path = ofxaddons_thumbnail.png; sourceTree = "<group>"; };
		A443D1721C52EEC500CF62D8 /* README.md */ = {isa = PBXFileReference; fileEncoding = 4; lastKnownFileType = text; path = README.md; sourceTree = "<group>"; };
		A443D1741C52EEC500CF62D8 /* ofxVideoRecorder.cpp */ = {isa = PBXFileReference; fileEncoding = 4; lastKnownFileType = sourcecode.cpp.cpp; path = ofxVideoRecorder.cpp; sourceTree = "<group>"; };
		A443D1751C52EEC500CF62D8 /* ofxVideoRecorder.h */ = {isa = PBXFileReference; fileEncoding = 4; lastKnownFileType = sourcecode.c.h; path = ofxVideoRecorder.h; sourceTree = "<group>"; };
		A4FFC8491C53F74B00BC6F9F /* .gitkeep */ = {isa = PBXFileReference; fileEncoding = 4; lastKnownFileType = text; path = .gitkeep; sourceTree = "<group>"; };
		A4FFC84B1C53F74B00BC6F9F /* bottom.ply */ = {isa = PBXFileReference; fileEncoding = 4; lastKnownFileType = text; path = bottom.ply; sourceTree = "<group>"; };
		A4FFC84C1C53F74B00BC6F9F /* front.ply */ = {isa = PBXFileReference; fileEncoding = 4; lastKnownFileType = text; path = front.ply; sourceTree = "<group>"; };
		A4FFC84D1C53F74B00BC6F9F /* left.ply */ = {isa = PBXFileReference; fileEncoding = 4; lastKnownFileType = text; path = left.ply; sourceTree = "<group>"; };
		A4FFC84E1C53F74B00BC6F9F /* mask.png */ = {isa = PBXFileReference; lastKnownFileType = image.png; path = mask.png; sourceTree = "<group>"; };
		A4FFC84F1C53F74B00BC6F9F /* right.ply */ = {isa = PBXFileReference; fileEncoding = 4; lastKnownFileType = text; path = right.ply; sourceTree = "<group>"; };
		A4FFC8501C53F74B00BC6F9F /* top.ply */ = {isa = PBXFileReference; fileEncoding = 4; lastKnownFileType = text; path = top.ply; sourceTree = "<group>"; };
		A4FFC8551C53F74B00BC6F9F /* noise.frag */ = {isa = PBXFileReference; fileEncoding = 4; lastKnownFileType = sourcecode.glsl; path = noise.frag; sourceTree = "<group>"; };
		A4FFC8561C53F74B00BC6F9F /* noise.vert */ = {isa = PBXFileReference; fileEncoding = 4; lastKnownFileType = sourcecode.glsl; path = noise.vert; sourceTree = "<group>"; };
		A4FFC85B1C53F74B00BC6F9F /* verdana.ttf */ = {isa = PBXFileReference; lastKnownFileType = file; path = verdana.ttf; sourceTree = "<group>"; };
		B3667D7E1CBBFCC400A225F9 /* CoreOF.xcconfig */ = {isa = PBXFileReference; fileEncoding = 4; lastKnownFileType = text.xcconfig; name = CoreOF.xcconfig; path = ../../../../../libs/openFrameworksCompiled/project/osx/CoreOF.xcconfig; sourceTree = "<group>"; };
		B3667D7F1CBBFCC400A225F9 /* openFrameworksLib.xcodeproj */ = {isa = PBXFileReference; lastKnownFileType = "wrapper.pb-project"; name = openFrameworksLib.xcodeproj; path = ../../../../../libs/openFrameworksCompiled/project/osx/openFrameworksLib.xcodeproj; sourceTree = "<group>"; };
		E4B69B5B0A3A1756003C02F2 /* ofxDomemasterExampleDebug.app */ = {isa = PBXFileReference; explicitFileType = wrapper.application; includeInIndex = 0; path = ofxDomemasterExampleDebug.app; sourceTree = BUILT_PRODUCTS_DIR; };
		E4B69E1D0A3A1BDC003C02F2 /* main.cpp */ = {isa = PBXFileReference; fileEncoding = 30; lastKnownFileType = sourcecode.cpp.cpp; name = main.cpp; path = src/main.cpp; sourceTree = SOURCE_ROOT; };
		E4B69E1E0A3A1BDC003C02F2 /* ofApp.cpp */ = {isa = PBXFileReference; explicitFileType = sourcecode.cpp.cpp; fileEncoding = 30; name = ofApp.cpp; path = src/ofApp.cpp; sourceTree = SOURCE_ROOT; };
		E4B69E1F0A3A1BDC003C02F2 /* ofApp.h */ = {isa = PBXFileReference; fileEncoding = 30; lastKnownFileType = sourcecode.c.h; name = ofApp.h; path = src/ofApp.h; sourceTree = SOURCE_ROOT; };
		E4B6FCAD0C3E899E008CF71C /* openFrameworks-Info.plist */ = {isa = PBXFileReference; fileEncoding = 30; lastKnownFileType = text.plist.xml; path = "openFrameworks-Info.plist"; sourceTree = "<group>"; };
		E4EB6923138AFD0F00A09F29 /* Project.xcconfig */ = {isa = PBXFileReference; fileEncoding = 4; lastKnownFileType = text.xcconfig; path = Project.xcconfig; sourceTree = "<group>"; };
/* End PBXFileReference section */

/* Begin PBXFrameworksBuildPhase section */
		E4B69B590A3A1756003C02F2 /* Frameworks */ = {
			isa = PBXFrameworksBuildPhase;
			buildActionMask = 2147483647;
			files = (
				B3667D871CBBFCE700A225F9 /* openFrameworksDebug.a in Frameworks */,
			);
			runOnlyForDeploymentPostprocessing = 0;
		};
/* End PBXFrameworksBuildPhase section */

/* Begin PBXGroup section */
		6948EE371B920CB800B5AC1A /* local_addons */ = {
			isa = PBXGroup;
			children = (
			);
			name = local_addons;
			sourceTree = "<group>";
		};
		A443D1591C52EEB200CF62D8 /* common_classes */ = {
			isa = PBXGroup;
			children = (
				A443D15A1C52EEB200CF62D8 /* ImageSaverThread.cpp */,
				A443D15B1C52EEB200CF62D8 /* ImageSaverThread.h */,
				A443D15C1C52EEB200CF62D8 /* VideoRenderer.cpp */,
				A443D15D1C52EEB200CF62D8 /* VideoRenderer.h */,
			);
			name = common_classes;
			path = ../../common_classes;
			sourceTree = "<group>";
		};
		A443D1601C52EEC500CF62D8 /* addons */ = {
			isa = PBXGroup;
			children = (
				A443D1611C52EEC500CF62D8 /* ofxDomemaster */,
				A443D1671C52EEC500CF62D8 /* ofxFisheye */,
				A443D16F1C52EEC500CF62D8 /* ofxVideoRecorder */,
			);
			name = addons;
			path = ../../addons;
			sourceTree = "<group>";
		};
		A443D1611C52EEC500CF62D8 /* ofxDomemaster */ = {
			isa = PBXGroup;
			children = (
				A443D1621C52EEC500CF62D8 /* LICENSE */,
				A443D1631C52EEC500CF62D8 /* README.md */,
				A443D1641C52EEC500CF62D8 /* src */,
			);
			path = ofxDomemaster;
			sourceTree = "<group>";
		};
		A443D1641C52EEC500CF62D8 /* src */ = {
			isa = PBXGroup;
			children = (
				A443D1651C52EEC500CF62D8 /* ofxDomemaster.cpp */,
				A443D1661C52EEC500CF62D8 /* ofxDomemaster.h */,
			);
			path = src;
			sourceTree = "<group>";
		};
		A443D1671C52EEC500CF62D8 /* ofxFisheye */ = {
			isa = PBXGroup;
			children = (
				A443D1681C52EEC500CF62D8 /* README.md */,
				A443D1691C52EEC500CF62D8 /* src */,
			);
			path = ofxFisheye;
			sourceTree = "<group>";
		};
		A443D1691C52EEC500CF62D8 /* src */ = {
			isa = PBXGroup;
			children = (
				A443D16A1C52EEC500CF62D8 /* fxBarrelDist.h */,
				A443D16B1C52EEC500CF62D8 /* fxFixFisheye.h */,
				A443D16C1C52EEC500CF62D8 /* fxVariableFisheye.h */,
				A443D16D1C52EEC500CF62D8 /* ofxFisheye.cpp */,
				A443D16E1C52EEC500CF62D8 /* ofxFisheye.h */,
			);
			path = src;
			sourceTree = "<group>";
		};
		A443D16F1C52EEC500CF62D8 /* ofxVideoRecorder */ = {
			isa = PBXGroup;
			children = (
				A443D1701C52EEC500CF62D8 /* License.md */,
				A443D1711C52EEC500CF62D8 /* ofxaddons_thumbnail.png */,
				A443D1721C52EEC500CF62D8 /* README.md */,
				A443D1731C52EEC500CF62D8 /* src */,
			);
			path = ofxVideoRecorder;
			sourceTree = "<group>";
		};
		A443D1731C52EEC500CF62D8 /* src */ = {
			isa = PBXGroup;
			children = (
				A443D1741C52EEC500CF62D8 /* ofxVideoRecorder.cpp */,
				A443D1751C52EEC500CF62D8 /* ofxVideoRecorder.h */,
			);
			path = src;
			sourceTree = "<group>";
		};
		A4FFC8481C53F74B00BC6F9F /* data */ = {
			isa = PBXGroup;
			children = (
				A4FFC8491C53F74B00BC6F9F /* .gitkeep */,
				A4FFC84A1C53F74B00BC6F9F /* domemaster */,
				A4FFC8541C53F74B00BC6F9F /* shaders_gl3 */,
				A4FFC85A1C53F74B00BC6F9F /* type */,
			);
			name = data;
			path = bin/data;
			sourceTree = "<group>";
		};
		A4FFC84A1C53F74B00BC6F9F /* domemaster */ = {
			isa = PBXGroup;
			children = (
				A4FFC84B1C53F74B00BC6F9F /* bottom.ply */,
				A4FFC84C1C53F74B00BC6F9F /* front.ply */,
				A4FFC84D1C53F74B00BC6F9F /* left.ply */,
				A4FFC84E1C53F74B00BC6F9F /* mask.png */,
				A4FFC84F1C53F74B00BC6F9F /* right.ply */,
				A4FFC8501C53F74B00BC6F9F /* top.ply */,
			);
			path = domemaster;
			sourceTree = "<group>";
		};
		A4FFC8541C53F74B00BC6F9F /* shaders_gl3 */ = {
			isa = PBXGroup;
			children = (
				A4FFC8551C53F74B00BC6F9F /* noise.frag */,
				A4FFC8561C53F74B00BC6F9F /* noise.vert */,
			);
			path = shaders_gl3;
			sourceTree = "<group>";
		};
		A4FFC85A1C53F74B00BC6F9F /* type */ = {
			isa = PBXGroup;
			children = (
				A4FFC85B1C53F74B00BC6F9F /* verdana.ttf */,
			);
			path = type;
			sourceTree = "<group>";
		};
		B3667D801CBBFCC400A225F9 /* Products */ = {
			isa = PBXGroup;
			children = (
				B3667D841CBBFCC400A225F9 /* openFrameworksDebug.a */,
			);
			name = Products;
			sourceTree = "<group>";
		};
		BB4B014C10F69532006C3DED /* addons */ = {
			isa = PBXGroup;
			children = (
			);
			name = addons;
			sourceTree = "<group>";
		};
		E4B69B4A0A3A1720003C02F2 = {
			isa = PBXGroup;
			children = (
				A4FFC8481C53F74B00BC6F9F /* data */,
				A443D1601C52EEC500CF62D8 /* addons */,
				A443D1591C52EEB200CF62D8 /* common_classes */,
				E4B6FCAD0C3E899E008CF71C /* openFrameworks-Info.plist */,
				E4EB6923138AFD0F00A09F29 /* Project.xcconfig */,
				E4B69E1C0A3A1BDC003C02F2 /* src */,
				E4EEC9E9138DF44700A80321 /* openFrameworks */,
				BB4B014C10F69532006C3DED /* addons */,
				6948EE371B920CB800B5AC1A /* local_addons */,
				E4B69B5B0A3A1756003C02F2 /* ofxDomemasterExampleDebug.app */,
			);
			sourceTree = "<group>";
		};
		E4B69E1C0A3A1BDC003C02F2 /* src */ = {
			isa = PBXGroup;
			children = (
				E4B69E1D0A3A1BDC003C02F2 /* main.cpp */,
				E4B69E1E0A3A1BDC003C02F2 /* ofApp.cpp */,
				E4B69E1F0A3A1BDC003C02F2 /* ofApp.h */,
			);
			path = src;
			sourceTree = SOURCE_ROOT;
		};
		E4EEC9E9138DF44700A80321 /* openFrameworks */ = {
			isa = PBXGroup;
			children = (
				B3667D7E1CBBFCC400A225F9 /* CoreOF.xcconfig */,
				B3667D7F1CBBFCC400A225F9 /* openFrameworksLib.xcodeproj */,
			);
			name = openFrameworks;
			sourceTree = "<group>";
		};
/* End PBXGroup section */

/* Begin PBXNativeTarget section */
		E4B69B5A0A3A1756003C02F2 /* ofxDomemasterExample */ = {
			isa = PBXNativeTarget;
			buildConfigurationList = E4B69B5F0A3A1757003C02F2 /* Build configuration list for PBXNativeTarget "ofxDomemasterExample" */;
			buildPhases = (
				E4B69B580A3A1756003C02F2 /* Sources */,
				E4B69B590A3A1756003C02F2 /* Frameworks */,
				E4B6FFFD0C3F9AB9008CF71C /* ShellScript */,
				E4C2427710CC5ABF004149E2 /* CopyFiles */,
			);
			buildRules = (
			);
			dependencies = (
				B3667D861CBBFCE200A225F9 /* PBXTargetDependency */,
			);
			name = ofxDomemasterExample;
			productName = myOFApp;
			productReference = E4B69B5B0A3A1756003C02F2 /* ofxDomemasterExampleDebug.app */;
			productType = "com.apple.product-type.application";
		};
/* End PBXNativeTarget section */

/* Begin PBXProject section */
		E4B69B4C0A3A1720003C02F2 /* Project object */ = {
			isa = PBXProject;
			attributes = {
				LastUpgradeCheck = 0600;
			};
			buildConfigurationList = E4B69B4D0A3A1720003C02F2 /* Build configuration list for PBXProject "ofxDomemasterExample" */;
			compatibilityVersion = "Xcode 3.2";
			developmentRegion = English;
			hasScannedForEncodings = 0;
			knownRegions = (
				English,
				Japanese,
				French,
				German,
			);
			mainGroup = E4B69B4A0A3A1720003C02F2;
			productRefGroup = E4B69B4A0A3A1720003C02F2;
			projectDirPath = "";
			projectReferences = (
				{
					ProductGroup = B3667D801CBBFCC400A225F9 /* Products */;
					ProjectRef = B3667D7F1CBBFCC400A225F9 /* openFrameworksLib.xcodeproj */;
				},
			);
			projectRoot = "";
			targets = (
				E4B69B5A0A3A1756003C02F2 /* ofxDomemasterExample */,
			);
		};
/* End PBXProject section */

/* Begin PBXReferenceProxy section */
		B3667D841CBBFCC400A225F9 /* openFrameworksDebug.a */ = {
			isa = PBXReferenceProxy;
			fileType = archive.ar;
			path = openFrameworksDebug.a;
			remoteRef = B3667D831CBBFCC400A225F9 /* PBXContainerItemProxy */;
			sourceTree = BUILT_PRODUCTS_DIR;
		};
/* End PBXReferenceProxy section */

/* Begin PBXShellScriptBuildPhase section */
		E4B6FFFD0C3F9AB9008CF71C /* ShellScript */ = {
			isa = PBXShellScriptBuildPhase;
			buildActionMask = 2147483647;
			files = (
			);
			inputPaths = (
			);
			outputPaths = (
			);
			runOnlyForDeploymentPostprocessing = 0;
			shellPath = /bin/sh;
			shellScript = "rsync -aved ../../../../../libs/fmodex/lib/osx/libfmodex.dylib \"$TARGET_BUILD_DIR/$PRODUCT_NAME.app/Contents/MacOS/\"; install_name_tool -change ./libfmodex.dylib @executable_path/libfmodex.dylib \"$TARGET_BUILD_DIR/$PRODUCT_NAME.app/Contents/MacOS/$PRODUCT_NAME\";\nmkdir -p \"$TARGET_BUILD_DIR/$PRODUCT_NAME.app/Contents/Resources/\"\nrsync -aved \"$ICON_FILE\" \"$TARGET_BUILD_DIR/$PRODUCT_NAME.app/Contents/Resources/\"\nrsync -aved ../../../../../libs/glut/lib/osx/GLUT.framework \"$TARGET_BUILD_DIR/$PRODUCT_NAME.app/Contents/Frameworks/\"\n";
		};
/* End PBXShellScriptBuildPhase section */

/* Begin PBXSourcesBuildPhase section */
		E4B69B580A3A1756003C02F2 /* Sources */ = {
			isa = PBXSourcesBuildPhase;
			buildActionMask = 2147483647;
			files = (
				A443D15F1C52EEB200CF62D8 /* VideoRenderer.cpp in Sources */,
				A443D1781C52EEC500CF62D8 /* ofxVideoRecorder.cpp in Sources */,
				A443D1771C52EEC500CF62D8 /* ofxFisheye.cpp in Sources */,
				A443D15E1C52EEB200CF62D8 /* ImageSaverThread.cpp in Sources */,
				E4B69E200A3A1BDC003C02F2 /* main.cpp in Sources */,
				E4B69E210A3A1BDC003C02F2 /* ofApp.cpp in Sources */,
				A443D1761C52EEC500CF62D8 /* ofxDomemaster.cpp in Sources */,
			);
			runOnlyForDeploymentPostprocessing = 0;
		};
/* End PBXSourcesBuildPhase section */

/* Begin PBXTargetDependency section */
		B3667D861CBBFCE200A225F9 /* PBXTargetDependency */ = {
			isa = PBXTargetDependency;
			name = openFrameworks;
			targetProxy = B3667D851CBBFCE200A225F9 /* PBXContainerItemProxy */;
		};
/* End PBXTargetDependency section */

/* Begin XCBuildConfiguration section */
		E4B69B4E0A3A1720003C02F2 /* Debug */ = {
			isa = XCBuildConfiguration;
			baseConfigurationReference = E4EB6923138AFD0F00A09F29 /* Project.xcconfig */;
			buildSettings = {
				CONFIGURATION_BUILD_DIR = "$(SRCROOT)/bin/";
				COPY_PHASE_STRIP = NO;
				DEAD_CODE_STRIPPING = YES;
				GCC_AUTO_VECTORIZATION = YES;
				GCC_ENABLE_SSE3_EXTENSIONS = YES;
				GCC_ENABLE_SUPPLEMENTAL_SSE3_INSTRUCTIONS = YES;
				GCC_INLINES_ARE_PRIVATE_EXTERN = NO;
				GCC_OPTIMIZATION_LEVEL = 0;
				GCC_SYMBOLS_PRIVATE_EXTERN = NO;
				GCC_WARN_ABOUT_DEPRECATED_FUNCTIONS = YES;
				GCC_WARN_ABOUT_INVALID_OFFSETOF_MACRO = NO;
				GCC_WARN_ALLOW_INCOMPLETE_PROTOCOL = NO;
				GCC_WARN_UNINITIALIZED_AUTOS = NO;
				GCC_WARN_UNUSED_VALUE = NO;
				GCC_WARN_UNUSED_VARIABLE = NO;
				MACOSX_DEPLOYMENT_TARGET = 10.8;
				ONLY_ACTIVE_ARCH = YES;
				OTHER_CPLUSPLUSFLAGS = (
					"-D__MACOSX_CORE__",
					"-mtune=native",
				);
				SDKROOT = macosx;
			};
			name = Debug;
		};
		E4B69B4F0A3A1720003C02F2 /* Release */ = {
			isa = XCBuildConfiguration;
			baseConfigurationReference = E4EB6923138AFD0F00A09F29 /* Project.xcconfig */;
			buildSettings = {
				CONFIGURATION_BUILD_DIR = "$(SRCROOT)/bin/";
				COPY_PHASE_STRIP = YES;
				DEAD_CODE_STRIPPING = YES;
				GCC_AUTO_VECTORIZATION = YES;
				GCC_ENABLE_SSE3_EXTENSIONS = YES;
				GCC_ENABLE_SUPPLEMENTAL_SSE3_INSTRUCTIONS = YES;
				GCC_INLINES_ARE_PRIVATE_EXTERN = NO;
				GCC_OPTIMIZATION_LEVEL = 3;
				GCC_SYMBOLS_PRIVATE_EXTERN = NO;
				GCC_UNROLL_LOOPS = YES;
				GCC_WARN_ABOUT_DEPRECATED_FUNCTIONS = YES;
				GCC_WARN_ABOUT_INVALID_OFFSETOF_MACRO = NO;
				GCC_WARN_ALLOW_INCOMPLETE_PROTOCOL = NO;
				GCC_WARN_UNINITIALIZED_AUTOS = NO;
				GCC_WARN_UNUSED_VALUE = NO;
				GCC_WARN_UNUSED_VARIABLE = NO;
				MACOSX_DEPLOYMENT_TARGET = 10.8;
				OTHER_CPLUSPLUSFLAGS = (
					"-D__MACOSX_CORE__",
					"-mtune=native",
				);
				SDKROOT = macosx;
			};
			name = Release;
		};
		E4B69B600A3A1757003C02F2 /* Debug */ = {
			isa = XCBuildConfiguration;
			baseConfigurationReference = E4EB6923138AFD0F00A09F29 /* Project.xcconfig */;
			buildSettings = {
				COMBINE_HIDPI_IMAGES = YES;
				COPY_PHASE_STRIP = NO;
				FRAMEWORK_SEARCH_PATHS = (
					"$(inherited)",
					"$(FRAMEWORK_SEARCH_PATHS_QUOTED_FOR_TARGET_1)",
				);
				FRAMEWORK_SEARCH_PATHS_QUOTED_FOR_TARGET_1 = "\"$(SRCROOT)/../../../../libs/glut/lib/osx\"";
				GCC_DYNAMIC_NO_PIC = NO;
				GCC_GENERATE_DEBUGGING_SYMBOLS = YES;
				GCC_MODEL_TUNING = NONE;
				HEADER_SEARCH_PATHS = (
					"$(OF_CORE_HEADERS)",
					"../../../common_classes/**",
					"../../../addons/**",
				);
				ICON = "$(ICON_NAME_DEBUG)";
				ICON_FILE = "$(ICON_FILE_PATH)$(ICON)";
				INFOPLIST_FILE = "openFrameworks-Info.plist";
				INSTALL_PATH = "$(HOME)/Applications";
				LIBRARY_SEARCH_PATHS = "$(inherited)";
				PRODUCT_NAME = "$(TARGET_NAME)Debug";
				WRAPPER_EXTENSION = app;
			};
			name = Debug;
		};
		E4B69B610A3A1757003C02F2 /* Release */ = {
			isa = XCBuildConfiguration;
			baseConfigurationReference = E4EB6923138AFD0F00A09F29 /* Project.xcconfig */;
			buildSettings = {
				COMBINE_HIDPI_IMAGES = YES;
				COPY_PHASE_STRIP = YES;
				FRAMEWORK_SEARCH_PATHS = (
					"$(inherited)",
					"$(FRAMEWORK_SEARCH_PATHS_QUOTED_FOR_TARGET_1)",
				);
				FRAMEWORK_SEARCH_PATHS_QUOTED_FOR_TARGET_1 = "\"$(SRCROOT)/../../../../libs/glut/lib/osx\"";
				GCC_GENERATE_DEBUGGING_SYMBOLS = YES;
				GCC_MODEL_TUNING = NONE;
				HEADER_SEARCH_PATHS = (
					"$(OF_CORE_HEADERS)",
					"../../../common_classes/**",
					"../../../addons/**",
				);
				ICON = "$(ICON_NAME_RELEASE)";
				ICON_FILE = "$(ICON_FILE_PATH)$(ICON)";
				INFOPLIST_FILE = "openFrameworks-Info.plist";
				INSTALL_PATH = "$(HOME)/Applications";
				LIBRARY_SEARCH_PATHS = "$(inherited)";
				PRODUCT_NAME = "$(TARGET_NAME)";
				WRAPPER_EXTENSION = app;
				baseConfigurationReference = E4EB6923138AFD0F00A09F29;
			};
			name = Release;
		};
/* End XCBuildConfiguration section */

/* Begin XCConfigurationList section */
		E4B69B4D0A3A1720003C02F2 /* Build configuration list for PBXProject "ofxDomemasterExample" */ = {
			isa = XCConfigurationList;
			buildConfigurations = (
				E4B69B4E0A3A1720003C02F2 /* Debug */,
				E4B69B4F0A3A1720003C02F2 /* Release */,
			);
			defaultConfigurationIsVisible = 0;
			defaultConfigurationName = Release;
		};
		E4B69B5F0A3A1757003C02F2 /* Build configuration list for PBXNativeTarget "ofxDomemasterExample" */ = {
			isa = XCConfigurationList;
			buildConfigurations = (
				E4B69B600A3A1757003C02F2 /* Debug */,
				E4B69B610A3A1757003C02F2 /* Release */,
			);
			defaultConfigurationIsVisible = 0;
			defaultConfigurationName = Release;
		};
/* End XCConfigurationList section */
	};
	rootObject = E4B69B4C0A3A1720003C02F2 /* Project object */;
}
